// !$*UTF8*$!
{
	archiveVersion = 1;
	classes = {
	};
	objectVersion = 46;
	objects = {

/* Begin PBXBuildFile section */
		040B02E81DB4277F000AC34A /* DesignerNewsUIKit.framework in Frameworks */ = {isa = PBXBuildFile; fileRef = 040B02E11DB4277F000AC34A /* DesignerNewsUIKit.framework */; };
		040B02E91DB4277F000AC34A /* DesignerNewsUIKit.framework in Embed Frameworks */ = {isa = PBXBuildFile; fileRef = 040B02E11DB4277F000AC34A /* DesignerNewsUIKit.framework */; settings = {ATTRIBUTES = (CodeSignOnCopy, RemoveHeadersOnCopy, ); }; };
		6B8206131D5777CB00AE6F94 /* AVKit.framework in Frameworks */ = {isa = PBXBuildFile; fileRef = 6B8206121D5777CB00AE6F94 /* AVKit.framework */; };
		6B8206151D5777D000AE6F94 /* AVFoundation.framework in Frameworks */ = {isa = PBXBuildFile; fileRef = 6B8206141D5777D000AE6F94 /* AVFoundation.framework */; };
		6B8206171D5777D500AE6F94 /* MapKit.framework in Frameworks */ = {isa = PBXBuildFile; fileRef = 6B8206161D5777D500AE6F94 /* MapKit.framework */; };
		040B02E51DB4277F000AC34A /* DesignerNewsUIKit.h in Headers */ = {isa = PBXBuildFile; fileRef = 040B02E31DB4277F000AC34A /* DesignerNewsUIKit.h */; settings = {ATTRIBUTES = (Public, ); }; };
		6B3A5F631D5532050000E45F /* main.m in Sources */ = {isa = PBXBuildFile; fileRef = 6B3A5F621D5532050000E45F /* main.m */; };
		6B3A5F661D5532050000E45F /* AppDelegate.m in Sources */ = {isa = PBXBuildFile; fileRef = 6B3A5F651D5532050000E45F /* AppDelegate.m */; };
		044ADF5C1DB572BA00DD6194 /* DesignerNewsUIKit.xcassets in Resources */ = {isa = PBXBuildFile; fileRef = 6B3A5F6D1D5532050000E45F /* DesignerNewsUIKit.xcassets */; };
		79F8988DDF25CACE6691B34D /* ANTheme.h in Headers */ = {isa = PBXBuildFile; fileRef = DBC7C8DD213F8ADF830E73E5 /* ANTheme.h */; settings = {ATTRIBUTES = (Public, ); }; };
		8536D97E3BBFAE379370FDF4 /* UIWebView+Anima.h in Headers */ = {isa = PBXBuildFile; fileRef = 1DCD72216D14157C82B1AD1F /* UIWebView+Anima.h */; settings = {ATTRIBUTES = (Public, ); }; };
		B1F0D7FF3390EECF5A126F4C /* MKMapView+Anima.h in Headers */ = {isa = PBXBuildFile; fileRef = 424A4C56D1329AE3A046E085 /* MKMapView+Anima.h */; settings = {ATTRIBUTES = (Public, ); }; };
		CE4F014F2B46B277109C6A42 /* Anima-Bridging-Header.h in Headers */ = {isa = PBXBuildFile; fileRef = F07AA236935925CDD6DCA8E4 /* Anima-Bridging-Header.h */; settings = {ATTRIBUTES = (Public, ); }; };
		944527B546E7EFC78226794B /* AnimaSDK.h in Headers */ = {isa = PBXBuildFile; fileRef = 939DA6B8802EE1DA62D631A0 /* AnimaSDK.h */; settings = {ATTRIBUTES = (Public, ); }; };
		86AB5FCBD34EC21E1D880BE1 /* ANRSSParser.h in Headers */ = {isa = PBXBuildFile; fileRef = 7D599E8F6FB71A77041295FC /* ANRSSParser.h */; settings = {ATTRIBUTES = (Public, ); }; };
		D435D49B6A387D5FEC7CFD39 /* ANMacros.h in Headers */ = {isa = PBXBuildFile; fileRef = 08BEFE7ECA1D01CBC3B23E96 /* ANMacros.h */; settings = {ATTRIBUTES = (Public, ); }; };
		0DF8145AE6DEB631346A571F /* ANViewController.h in Headers */ = {isa = PBXBuildFile; fileRef = 16C4AB45704D2EB2DAAA92A1 /* ANViewController.h */; settings = {ATTRIBUTES = (Public, ); }; };
		9BD46092E5A360F7324EE99A /* ANCSVParser.h in Headers */ = {isa = PBXBuildFile; fileRef = 81074FCA02DF6D8003B8D34E /* ANCSVParser.h */; settings = {ATTRIBUTES = (Public, ); }; };
		32578B694C61E4C23CD673A8 /* UIView+AnimaConstraints.h in Headers */ = {isa = PBXBuildFile; fileRef = 1569BA5C1C93A8BCFB9D9961 /* UIView+AnimaConstraints.h */; settings = {ATTRIBUTES = (Public, ); }; };
		DB3767B1ECD7599BB2F322F7 /* ANLabel.h in Headers */ = {isa = PBXBuildFile; fileRef = F0A8A4075AFF2214812993F8 /* ANLabel.h */; settings = {ATTRIBUTES = (Public, ); }; };
		0A3C1FDB7A03EEAFDCE9C88A /* ANGradientView.h in Headers */ = {isa = PBXBuildFile; fileRef = 42479B9EB0AB87E72BAEEDD8 /* ANGradientView.h */; settings = {ATTRIBUTES = (Public, ); }; };
		AC6F2435DAF949EEA1CC5E11 /* NSString+Anima.h in Headers */ = {isa = PBXBuildFile; fileRef = D1FB4399DCDB4FE3D934B36E /* NSString+Anima.h */; settings = {ATTRIBUTES = (Public, ); }; };
		2A6819E7A7AC0844D009C058 /* NSDictionary+Anima.h in Headers */ = {isa = PBXBuildFile; fileRef = AC6BF3C72A1955442B94A903 /* NSDictionary+Anima.h */; settings = {ATTRIBUTES = (Public, ); }; };
		5C1FB6B02128671CAF084535 /* ANTextField.h in Headers */ = {isa = PBXBuildFile; fileRef = 3F82DC7ED6C84B7DE486D1CC /* ANTextField.h */; settings = {ATTRIBUTES = (Public, ); }; };
		9670318BF2746DFEF559440D /* ANProtocols.h in Headers */ = {isa = PBXBuildFile; fileRef = A3D8366E13E736EDC4F4713C /* ANProtocols.h */; settings = {ATTRIBUTES = (Public, ); }; };
		81F346B409847DD85E660AF7 /* UIImageView+Anima.h in Headers */ = {isa = PBXBuildFile; fileRef = FD6A8B4732A16736BF8943F2 /* UIImageView+Anima.h */; settings = {ATTRIBUTES = (Public, ); }; };
		D07973415E81C02A40A4FDD4 /* UIView+Anima.h in Headers */ = {isa = PBXBuildFile; fileRef = EF30235F95DB5D9AD5D707BE /* UIView+Anima.h */; settings = {ATTRIBUTES = (Public, ); }; };
		0641CEFE3E968B5538440167 /* ANTabBarController.h in Headers */ = {isa = PBXBuildFile; fileRef = DAEF7D02FDAF74F776E957F8 /* ANTabBarController.h */; settings = {ATTRIBUTES = (Public, ); }; };
		2C317D1E4BFCE36A15E82B90 /* ANClassMapping.h in Headers */ = {isa = PBXBuildFile; fileRef = 1A6AA2C63126E80AEE77E3D7 /* ANClassMapping.h */; settings = {ATTRIBUTES = (Public, ); }; };
		66378FD948447B26E0D21745 /* ANNavigationController.h in Headers */ = {isa = PBXBuildFile; fileRef = 7A3AECC51180D73234FEEF72 /* ANNavigationController.h */; settings = {ATTRIBUTES = (Public, ); }; };
		E68696DC9CDD752F28D33E14 /* ANDataList.h in Headers */ = {isa = PBXBuildFile; fileRef = E539DA34ADC63AC2300BE620 /* ANDataList.h */; settings = {ATTRIBUTES = (Public, ); }; };
		E734F50C3650BD2077CDD7BE /* ANVideoPlayer.h in Headers */ = {isa = PBXBuildFile; fileRef = 1C013689B180DCE31073767A /* ANVideoPlayer.h */; settings = {ATTRIBUTES = (Public, ); }; };
		C3AC7CED0A6956312AF80477 /* ANClassMapping.m in Sources */ = {isa = PBXBuildFile; fileRef = 59485F6FEE889CFF1B6444F3 /* ANClassMapping.m */; };
		05D8B49D36ABAC66C8CE7BAD /* ANRSSParser.m in Sources */ = {isa = PBXBuildFile; fileRef = D394EA4D9ABE4117A47793FC /* ANRSSParser.m */; };
		DD19024768D51D2A05775B82 /* ANNavigationController.m in Sources */ = {isa = PBXBuildFile; fileRef = 6590E391CDA55D366AD659ED /* ANNavigationController.m */; };
		F5D3CC09996B13D906B2C178 /* MKMapView+Anima.m in Sources */ = {isa = PBXBuildFile; fileRef = F1BDE2DAAA7CACB55CD94F9F /* MKMapView+Anima.m */; };
		892E65DBB3DB475F9217D9B5 /* ANTabBarController.m in Sources */ = {isa = PBXBuildFile; fileRef = F198964FE199D31B42203A86 /* ANTabBarController.m */; };
		838DCD8AA857EC559E6BAD18 /* UIImageView+Anima.m in Sources */ = {isa = PBXBuildFile; fileRef = 558C0CD02313F52FE41B3250 /* UIImageView+Anima.m */; };
		FE988D7B483FDA3F69BD5A0F /* ANTheme.m in Sources */ = {isa = PBXBuildFile; fileRef = C73862F7968BAB5544D9E09D /* ANTheme.m */; };
		5DCE6536320857C0F1DAB26B /* ANCSVParser.m in Sources */ = {isa = PBXBuildFile; fileRef = 4A13947D35C3AFE86A473A2B /* ANCSVParser.m */; };
		9714C172DEA25ACF3B35E410 /* ANVideoPlayer.m in Sources */ = {isa = PBXBuildFile; fileRef = C7555DBA8E9E0E8832013579 /* ANVideoPlayer.m */; };
		8B702A018F3ED1E9B91F305B /* ANViewController.m in Sources */ = {isa = PBXBuildFile; fileRef = D56BC5EAEDBDF5767DDE5B3E /* ANViewController.m */; };
		90AAF1C3792A14BDDF9EC23D /* ANGradientView.m in Sources */ = {isa = PBXBuildFile; fileRef = ABA424ED45C5B28DB7E264B3 /* ANGradientView.m */; };
		23C4E3912548C1085B121CE4 /* UIView+AnimaConstraints.m in Sources */ = {isa = PBXBuildFile; fileRef = 84CE860274A57959961A1561 /* UIView+AnimaConstraints.m */; };
		2BA7A8347C29141E0E24155F /* NSDictionary+Anima.m in Sources */ = {isa = PBXBuildFile; fileRef = FA1B6E4A58BB15D0A68ACD01 /* NSDictionary+Anima.m */; };
		71DDFE225F729ED5CB99B5D9 /* ANTextField.m in Sources */ = {isa = PBXBuildFile; fileRef = CCD6B3FB8156248852BAC910 /* ANTextField.m */; };
		7CCAFCE8327FF4428C18007C /* UIView+Anima.m in Sources */ = {isa = PBXBuildFile; fileRef = 2936D1A252749936A555386C /* UIView+Anima.m */; };
		87337EAB36994BF0F4C43CCF /* ANDataList.m in Sources */ = {isa = PBXBuildFile; fileRef = 379983B53C74FB38073D0D29 /* ANDataList.m */; };
		6D98F46538411A0581D86BCA /* UIWebView+Anima.m in Sources */ = {isa = PBXBuildFile; fileRef = 601A7026CF342C6E76D03B5A /* UIWebView+Anima.m */; };
		53DDA97FB1D082A58EEC2B98 /* NSString+Anima.m in Sources */ = {isa = PBXBuildFile; fileRef = 095C84D1F7B7E31E5B8A5F79 /* NSString+Anima.m */; };
		C808FE66DE9C1E35106D863D /* ANLabel.m in Sources */ = {isa = PBXBuildFile; fileRef = 71461AFA10D3E48C24126714 /* ANLabel.m */; };
		4B7B42E777E7675A4211D572 /* APDesignerNewsManager.h in Headers */ = {isa = PBXBuildFile; fileRef = 5C59344B020094DE094C74DD /* APDesignerNewsManager.h */; settings = {ATTRIBUTES = (Public, ); }; };
		0C57F92308A91F50EA0F2139 /* APTableScreen.h in Headers */ = {isa = PBXBuildFile; fileRef = 931EAA60F618E8BE66390DBA /* APTableScreen.h */; settings = {ATTRIBUTES = (Public, ); }; };
		DDE5E62F5245D035DF77B9D8 /* APCell7.h in Headers */ = {isa = PBXBuildFile; fileRef = F06736488BFB5897FEE7AB8D /* APCell7.h */; settings = {ATTRIBUTES = (Public, ); }; };
		46B4CBD608C465C9BA4A2038 /* APCell6.h in Headers */ = {isa = PBXBuildFile; fileRef = A16B18965E34A105BA44369A /* APCell6.h */; settings = {ATTRIBUTES = (Public, ); }; };
		568842CB8389831F0C1171EC /* APCell5.h in Headers */ = {isa = PBXBuildFile; fileRef = 989C1E444A53F7E42D7AD5F9 /* APCell5.h */; settings = {ATTRIBUTES = (Public, ); }; };
		390DB8581F42C26E53E623A0 /* APCell4.h in Headers */ = {isa = PBXBuildFile; fileRef = C4A35BDCB9F8E672DE3BBE30 /* APCell4.h */; settings = {ATTRIBUTES = (Public, ); }; };
		3617B536067C57A5E1D397C1 /* APCell3.h in Headers */ = {isa = PBXBuildFile; fileRef = 9C7726FAD6DD46574182F2B5 /* APCell3.h */; settings = {ATTRIBUTES = (Public, ); }; };
		172631E5BE56C44DD05959CA /* APCell2.h in Headers */ = {isa = PBXBuildFile; fileRef = 57D3EA61B90F0A62AA0B5601 /* APCell2.h */; settings = {ATTRIBUTES = (Public, ); }; };
		EAFFF69EA960AA4CE748B91B /* APCell1.h in Headers */ = {isa = PBXBuildFile; fileRef = 331D6BDBF83D34E96D458ADF /* APCell1.h */; settings = {ATTRIBUTES = (Public, ); }; };
		166C7845047E6D5EE4FFE3A5 /* APCell.h in Headers */ = {isa = PBXBuildFile; fileRef = 5C128849877C65ECFBF58598 /* APCell.h */; settings = {ATTRIBUTES = (Public, ); }; };
		F9FBC50BE96691707BE5F0FE /* APScreen1.h in Headers */ = {isa = PBXBuildFile; fileRef = 17706C57666E7C166D3C6782 /* APScreen1.h */; settings = {ATTRIBUTES = (Public, ); }; };
		4ECFEF77CA40084FB0F4BE9A /* APDesignerNewsManager.m in Sources */ = {isa = PBXBuildFile; fileRef = EE11F82B540D2AE61EE139C3 /* APDesignerNewsManager.m */; };
		A831C0924AB8F72558DC6607 /* APTableScreen.m in Sources */ = {isa = PBXBuildFile; fileRef = B5F325DE7E347117AE7929D9 /* APTableScreen.m */; };
		66A8EC309BE4489E87ACD51D /* APCell7.m in Sources */ = {isa = PBXBuildFile; fileRef = F0AEA009E99F66B2C74DC589 /* APCell7.m */; };
		2047AF900EAA41389088CE19 /* APCell6.m in Sources */ = {isa = PBXBuildFile; fileRef = F2155291AE2EE0857AE70A30 /* APCell6.m */; };
		C1E396107974543387B1DF6F /* APCell5.m in Sources */ = {isa = PBXBuildFile; fileRef = 61059E6F441EEEC33E57C7D4 /* APCell5.m */; };
		050311DE40F4327E8D1F7A1B /* APCell4.m in Sources */ = {isa = PBXBuildFile; fileRef = E2A83FDFC3B420F14D596063 /* APCell4.m */; };
		EDA9F0C0936BB88B79F5843E /* APCell3.m in Sources */ = {isa = PBXBuildFile; fileRef = 47226FE3B7064C2BA6460973 /* APCell3.m */; };
		07F621F1F05D105464F167C7 /* APCell2.m in Sources */ = {isa = PBXBuildFile; fileRef = 1AFA8DB2C00E25D3198C77D1 /* APCell2.m */; };
		39540586A0C904729DD3EE4D /* APCell1.m in Sources */ = {isa = PBXBuildFile; fileRef = B83B3DE53B3DDE19F1C932E1 /* APCell1.m */; };
		17CC2201BDC02DB91DDFB894 /* APCell.m in Sources */ = {isa = PBXBuildFile; fileRef = 6E3E4A826A849FC077DBA698 /* APCell.m */; };
		1B646B4E2B018795D4F7ADA6 /* APScreen1.m in Sources */ = {isa = PBXBuildFile; fileRef = 4D975B50936357949453D40A /* APScreen1.m */; };
		78862A5AC021FFCCC7FDAE3C /* Montserrat-Light.ttf in Resources */ = {isa = PBXBuildFile; fileRef = 7FCE51BA78317314EBD6DA17 /* Montserrat-Light.ttf */; };
		349620E2CA262107927212BE /* Montserrat-Regular.ttf in Resources */ = {isa = PBXBuildFile; fileRef = 0295AA3EA18923690E64A017 /* Montserrat-Regular.ttf */; };
		044ADF5B1DB572BA00DD6194 /* DesignerNewsUIKit.storyboard in Resources */ = {isa = PBXBuildFile; fileRef = 044ADF491DB572BA00DD6194 /* DesignerNewsUIKit.storyboard */; };
		6B3A5F841D55CDC80000E45F /* LaunchScreen.storyboard in Resources */ = {isa = PBXBuildFile; fileRef = 6B3A5F821D55CDC80000E45F /* LaunchScreen.storyboard */; };
/* End PBXBuildFile section */

/* Begin PBXContainerItemProxy section */
		040B02E61DB4277F000AC34A /* PBXContainerItemProxy */ = {
			isa = PBXContainerItemProxy;
			containerPortal = 6B3A5F561D5532050000E45F /* Project object */;
			proxyType = 1;
			remoteGlobalIDString = 040B02E01DB4277F000AC34A;
			remoteInfo = DesignerNewsUIKit;
		};
/* End PBXContainerItemProxy section */

/* Begin PBXHeadersBuildPhase section */
		040B02DE1DB4277F000AC34A /* Headers */ = {
			isa = PBXHeadersBuildPhase;
			buildActionMask = 2147483647;
			files = (
			    040B02E51DB4277F000AC34A /* DesignerNewsUIKit.h in Headers */,
		        79F8988DDF25CACE6691B34D /* ANTheme.h in Headers */,
		        8536D97E3BBFAE379370FDF4 /* UIWebView+Anima.h in Headers */,
		        B1F0D7FF3390EECF5A126F4C /* MKMapView+Anima.h in Headers */,
		        CE4F014F2B46B277109C6A42 /* Anima-Bridging-Header.h in Headers */,
		        944527B546E7EFC78226794B /* AnimaSDK.h in Headers */,
		        86AB5FCBD34EC21E1D880BE1 /* ANRSSParser.h in Headers */,
		        D435D49B6A387D5FEC7CFD39 /* ANMacros.h in Headers */,
		        0DF8145AE6DEB631346A571F /* ANViewController.h in Headers */,
		        9BD46092E5A360F7324EE99A /* ANCSVParser.h in Headers */,
		        32578B694C61E4C23CD673A8 /* UIView+AnimaConstraints.h in Headers */,
		        DB3767B1ECD7599BB2F322F7 /* ANLabel.h in Headers */,
		        0A3C1FDB7A03EEAFDCE9C88A /* ANGradientView.h in Headers */,
		        AC6F2435DAF949EEA1CC5E11 /* NSString+Anima.h in Headers */,
		        2A6819E7A7AC0844D009C058 /* NSDictionary+Anima.h in Headers */,
		        5C1FB6B02128671CAF084535 /* ANTextField.h in Headers */,
		        9670318BF2746DFEF559440D /* ANProtocols.h in Headers */,
		        81F346B409847DD85E660AF7 /* UIImageView+Anima.h in Headers */,
		        D07973415E81C02A40A4FDD4 /* UIView+Anima.h in Headers */,
		        0641CEFE3E968B5538440167 /* ANTabBarController.h in Headers */,
		        2C317D1E4BFCE36A15E82B90 /* ANClassMapping.h in Headers */,
		        66378FD948447B26E0D21745 /* ANNavigationController.h in Headers */,
		        E68696DC9CDD752F28D33E14 /* ANDataList.h in Headers */,
		        E734F50C3650BD2077CDD7BE /* ANVideoPlayer.h in Headers */,
		        4B7B42E777E7675A4211D572 /* APDesignerNewsManager.h in Headers */,
		        0C57F92308A91F50EA0F2139 /* APTableScreen.h in Headers */,
		        DDE5E62F5245D035DF77B9D8 /* APCell7.h in Headers */,
		        46B4CBD608C465C9BA4A2038 /* APCell6.h in Headers */,
		        568842CB8389831F0C1171EC /* APCell5.h in Headers */,
		        390DB8581F42C26E53E623A0 /* APCell4.h in Headers */,
		        3617B536067C57A5E1D397C1 /* APCell3.h in Headers */,
		        172631E5BE56C44DD05959CA /* APCell2.h in Headers */,
		        EAFFF69EA960AA4CE748B91B /* APCell1.h in Headers */,
		        166C7845047E6D5EE4FFE3A5 /* APCell.h in Headers */,
		        F9FBC50BE96691707BE5F0FE /* APScreen1.h in Headers */,
		        );
			runOnlyForDeploymentPostprocessing = 0;
		};
/* End PBXHeadersBuildPhase section */

/* Begin PBXCopyFilesBuildPhase section */
		040B02ED1DB4277F000AC34A /* Embed Frameworks */ = {
			isa = PBXCopyFilesBuildPhase;
			buildActionMask = 2147483647;
			dstPath = "";
			dstSubfolderSpec = 10;
			files = (
				040B02E91DB4277F000AC34A /* DesignerNewsUIKit.framework in Embed Frameworks */,
			);
			name = "Embed Frameworks";
			runOnlyForDeploymentPostprocessing = 0;
		};
/* End PBXCopyFilesBuildPhase section */

/* Begin PBXFileReference section */
        040B02E11DB4277F000AC34A /* DesignerNewsUIKit.framework */ = {isa = PBXFileReference; explicitFileType = wrapper.framework; includeInIndex = 0; path = DesignerNewsUIKit.framework; sourceTree = BUILT_PRODUCTS_DIR; };
		040B02E31DB4277F000AC34A /* DesignerNewsUIKit.h */ = {isa = PBXFileReference; lastKnownFileType = sourcecode.c.h; path = DesignerNewsUIKit.h; sourceTree = "<group>"; };
		040B02E41DB4277F000AC34A /* Info.plist */ = {isa = PBXFileReference; lastKnownFileType = text.plist.xml; path = Info.plist; sourceTree = "<group>"; };
		6B3A5F5E1D5532050000E45F /* Example.app */ = {isa = PBXFileReference; explicitFileType = wrapper.application; includeInIndex = 0; path = Example.app; sourceTree = BUILT_PRODUCTS_DIR; };
        6B8206121D5777CB00AE6F94 /* AVKit.framework */ = {isa = PBXFileReference; lastKnownFileType = wrapper.framework; name = AVKit.framework; path = System/Library/Frameworks/AVKit.framework; sourceTree = SDKROOT; };
		6B8206141D5777D000AE6F94 /* AVFoundation.framework */ = {isa = PBXFileReference; lastKnownFileType = wrapper.framework; name = AVFoundation.framework; path = System/Library/Frameworks/AVFoundation.framework; sourceTree = SDKROOT; };
		6B8206161D5777D500AE6F94 /* MapKit.framework */ = {isa = PBXFileReference; lastKnownFileType = wrapper.framework; name = MapKit.framework; path = System/Library/Frameworks/MapKit.framework; sourceTree = SDKROOT; };
		6B3A5F621D5532050000E45F /* main.m */ = {isa = PBXFileReference; lastKnownFileType = sourcecode.c.objc; path = main.m; sourceTree = "<group>"; };
		6B3A5F641D5532050000E45F /* AppDelegate.h */ = {isa = PBXFileReference; lastKnownFileType = sourcecode.c.h; path = AppDelegate.h; sourceTree = "<group>"; };
		6B3A5F651D5532050000E45F /* AppDelegate.m */ = {isa = PBXFileReference; lastKnownFileType = sourcecode.c.objc; path = AppDelegate.m; sourceTree = "<group>"; };
		6B3A5F6D1D5532050000E45F /* DesignerNewsUIKit.xcassets */ = {isa = PBXFileReference; lastKnownFileType = folder.assetcatalog; path = DesignerNewsUIKit.xcassets; sourceTree = "<group>"; };
		6B3A5F721D5532050000E45F /* Info.plist */ = {isa = PBXFileReference; lastKnownFileType = text.plist.xml; path = Info.plist; sourceTree = "<group>"; };
		DBC7C8DD213F8ADF830E73E5 /* ANTheme.h */ = {isa = PBXFileReference; fileEncoding = 4; lastKnownFileType = sourcecode.c.h; path = "ANTheme.h"; sourceTree = "<group>"; };
		1DCD72216D14157C82B1AD1F /* UIWebView+Anima.h */ = {isa = PBXFileReference; fileEncoding = 4; lastKnownFileType = sourcecode.c.h; path = "UIWebView+Anima.h"; sourceTree = "<group>"; };
		424A4C56D1329AE3A046E085 /* MKMapView+Anima.h */ = {isa = PBXFileReference; fileEncoding = 4; lastKnownFileType = sourcecode.c.h; path = "MKMapView+Anima.h"; sourceTree = "<group>"; };
		F07AA236935925CDD6DCA8E4 /* Anima-Bridging-Header.h */ = {isa = PBXFileReference; fileEncoding = 4; lastKnownFileType = sourcecode.c.h; path = "Anima-Bridging-Header.h"; sourceTree = "<group>"; };
		939DA6B8802EE1DA62D631A0 /* AnimaSDK.h */ = {isa = PBXFileReference; fileEncoding = 4; lastKnownFileType = sourcecode.c.h; path = "AnimaSDK.h"; sourceTree = "<group>"; };
		7D599E8F6FB71A77041295FC /* ANRSSParser.h */ = {isa = PBXFileReference; fileEncoding = 4; lastKnownFileType = sourcecode.c.h; path = "ANRSSParser.h"; sourceTree = "<group>"; };
		08BEFE7ECA1D01CBC3B23E96 /* ANMacros.h */ = {isa = PBXFileReference; fileEncoding = 4; lastKnownFileType = sourcecode.c.h; path = "ANMacros.h"; sourceTree = "<group>"; };
		16C4AB45704D2EB2DAAA92A1 /* ANViewController.h */ = {isa = PBXFileReference; fileEncoding = 4; lastKnownFileType = sourcecode.c.h; path = "ANViewController.h"; sourceTree = "<group>"; };
		81074FCA02DF6D8003B8D34E /* ANCSVParser.h */ = {isa = PBXFileReference; fileEncoding = 4; lastKnownFileType = sourcecode.c.h; path = "ANCSVParser.h"; sourceTree = "<group>"; };
		1569BA5C1C93A8BCFB9D9961 /* UIView+AnimaConstraints.h */ = {isa = PBXFileReference; fileEncoding = 4; lastKnownFileType = sourcecode.c.h; path = "UIView+AnimaConstraints.h"; sourceTree = "<group>"; };
		F0A8A4075AFF2214812993F8 /* ANLabel.h */ = {isa = PBXFileReference; fileEncoding = 4; lastKnownFileType = sourcecode.c.h; path = "ANLabel.h"; sourceTree = "<group>"; };
		42479B9EB0AB87E72BAEEDD8 /* ANGradientView.h */ = {isa = PBXFileReference; fileEncoding = 4; lastKnownFileType = sourcecode.c.h; path = "ANGradientView.h"; sourceTree = "<group>"; };
		D1FB4399DCDB4FE3D934B36E /* NSString+Anima.h */ = {isa = PBXFileReference; fileEncoding = 4; lastKnownFileType = sourcecode.c.h; path = "NSString+Anima.h"; sourceTree = "<group>"; };
		AC6BF3C72A1955442B94A903 /* NSDictionary+Anima.h */ = {isa = PBXFileReference; fileEncoding = 4; lastKnownFileType = sourcecode.c.h; path = "NSDictionary+Anima.h"; sourceTree = "<group>"; };
		3F82DC7ED6C84B7DE486D1CC /* ANTextField.h */ = {isa = PBXFileReference; fileEncoding = 4; lastKnownFileType = sourcecode.c.h; path = "ANTextField.h"; sourceTree = "<group>"; };
		A3D8366E13E736EDC4F4713C /* ANProtocols.h */ = {isa = PBXFileReference; fileEncoding = 4; lastKnownFileType = sourcecode.c.h; path = "ANProtocols.h"; sourceTree = "<group>"; };
		FD6A8B4732A16736BF8943F2 /* UIImageView+Anima.h */ = {isa = PBXFileReference; fileEncoding = 4; lastKnownFileType = sourcecode.c.h; path = "UIImageView+Anima.h"; sourceTree = "<group>"; };
		EF30235F95DB5D9AD5D707BE /* UIView+Anima.h */ = {isa = PBXFileReference; fileEncoding = 4; lastKnownFileType = sourcecode.c.h; path = "UIView+Anima.h"; sourceTree = "<group>"; };
		DAEF7D02FDAF74F776E957F8 /* ANTabBarController.h */ = {isa = PBXFileReference; fileEncoding = 4; lastKnownFileType = sourcecode.c.h; path = "ANTabBarController.h"; sourceTree = "<group>"; };
		1A6AA2C63126E80AEE77E3D7 /* ANClassMapping.h */ = {isa = PBXFileReference; fileEncoding = 4; lastKnownFileType = sourcecode.c.h; path = "ANClassMapping.h"; sourceTree = "<group>"; };
		7A3AECC51180D73234FEEF72 /* ANNavigationController.h */ = {isa = PBXFileReference; fileEncoding = 4; lastKnownFileType = sourcecode.c.h; path = "ANNavigationController.h"; sourceTree = "<group>"; };
		E539DA34ADC63AC2300BE620 /* ANDataList.h */ = {isa = PBXFileReference; fileEncoding = 4; lastKnownFileType = sourcecode.c.h; path = "ANDataList.h"; sourceTree = "<group>"; };
		1C013689B180DCE31073767A /* ANVideoPlayer.h */ = {isa = PBXFileReference; fileEncoding = 4; lastKnownFileType = sourcecode.c.h; path = "ANVideoPlayer.h"; sourceTree = "<group>"; };
		59485F6FEE889CFF1B6444F3 /* ANClassMapping.m */ = {isa = PBXFileReference; fileEncoding = 4; lastKnownFileType = sourcecode.c.objc; path = "ANClassMapping.m"; sourceTree = "<group>"; };
		D394EA4D9ABE4117A47793FC /* ANRSSParser.m */ = {isa = PBXFileReference; fileEncoding = 4; lastKnownFileType = sourcecode.c.objc; path = "ANRSSParser.m"; sourceTree = "<group>"; };
		6590E391CDA55D366AD659ED /* ANNavigationController.m */ = {isa = PBXFileReference; fileEncoding = 4; lastKnownFileType = sourcecode.c.objc; path = "ANNavigationController.m"; sourceTree = "<group>"; };
		F1BDE2DAAA7CACB55CD94F9F /* MKMapView+Anima.m */ = {isa = PBXFileReference; fileEncoding = 4; lastKnownFileType = sourcecode.c.objc; path = "MKMapView+Anima.m"; sourceTree = "<group>"; };
		F198964FE199D31B42203A86 /* ANTabBarController.m */ = {isa = PBXFileReference; fileEncoding = 4; lastKnownFileType = sourcecode.c.objc; path = "ANTabBarController.m"; sourceTree = "<group>"; };
		558C0CD02313F52FE41B3250 /* UIImageView+Anima.m */ = {isa = PBXFileReference; fileEncoding = 4; lastKnownFileType = sourcecode.c.objc; path = "UIImageView+Anima.m"; sourceTree = "<group>"; };
		C73862F7968BAB5544D9E09D /* ANTheme.m */ = {isa = PBXFileReference; fileEncoding = 4; lastKnownFileType = sourcecode.c.objc; path = "ANTheme.m"; sourceTree = "<group>"; };
		4A13947D35C3AFE86A473A2B /* ANCSVParser.m */ = {isa = PBXFileReference; fileEncoding = 4; lastKnownFileType = sourcecode.c.objc; path = "ANCSVParser.m"; sourceTree = "<group>"; };
		C7555DBA8E9E0E8832013579 /* ANVideoPlayer.m */ = {isa = PBXFileReference; fileEncoding = 4; lastKnownFileType = sourcecode.c.objc; path = "ANVideoPlayer.m"; sourceTree = "<group>"; };
		D56BC5EAEDBDF5767DDE5B3E /* ANViewController.m */ = {isa = PBXFileReference; fileEncoding = 4; lastKnownFileType = sourcecode.c.objc; path = "ANViewController.m"; sourceTree = "<group>"; };
		ABA424ED45C5B28DB7E264B3 /* ANGradientView.m */ = {isa = PBXFileReference; fileEncoding = 4; lastKnownFileType = sourcecode.c.objc; path = "ANGradientView.m"; sourceTree = "<group>"; };
		84CE860274A57959961A1561 /* UIView+AnimaConstraints.m */ = {isa = PBXFileReference; fileEncoding = 4; lastKnownFileType = sourcecode.c.objc; path = "UIView+AnimaConstraints.m"; sourceTree = "<group>"; };
		FA1B6E4A58BB15D0A68ACD01 /* NSDictionary+Anima.m */ = {isa = PBXFileReference; fileEncoding = 4; lastKnownFileType = sourcecode.c.objc; path = "NSDictionary+Anima.m"; sourceTree = "<group>"; };
		CCD6B3FB8156248852BAC910 /* ANTextField.m */ = {isa = PBXFileReference; fileEncoding = 4; lastKnownFileType = sourcecode.c.objc; path = "ANTextField.m"; sourceTree = "<group>"; };
		2936D1A252749936A555386C /* UIView+Anima.m */ = {isa = PBXFileReference; fileEncoding = 4; lastKnownFileType = sourcecode.c.objc; path = "UIView+Anima.m"; sourceTree = "<group>"; };
		379983B53C74FB38073D0D29 /* ANDataList.m */ = {isa = PBXFileReference; fileEncoding = 4; lastKnownFileType = sourcecode.c.objc; path = "ANDataList.m"; sourceTree = "<group>"; };
		601A7026CF342C6E76D03B5A /* UIWebView+Anima.m */ = {isa = PBXFileReference; fileEncoding = 4; lastKnownFileType = sourcecode.c.objc; path = "UIWebView+Anima.m"; sourceTree = "<group>"; };
		095C84D1F7B7E31E5B8A5F79 /* NSString+Anima.m */ = {isa = PBXFileReference; fileEncoding = 4; lastKnownFileType = sourcecode.c.objc; path = "NSString+Anima.m"; sourceTree = "<group>"; };
		71461AFA10D3E48C24126714 /* ANLabel.m */ = {isa = PBXFileReference; fileEncoding = 4; lastKnownFileType = sourcecode.c.objc; path = "ANLabel.m"; sourceTree = "<group>"; };
		5C59344B020094DE094C74DD /* APDesignerNewsManager.h */ = {isa = PBXFileReference; fileEncoding = 4; lastKnownFileType = sourcecode.c.h; path = "APDesignerNewsManager.h"; sourceTree = "<group>"; };
		931EAA60F618E8BE66390DBA /* APTableScreen.h */ = {isa = PBXFileReference; fileEncoding = 4; lastKnownFileType = sourcecode.c.h; path = "APTableScreen.h"; sourceTree = "<group>"; };
		F06736488BFB5897FEE7AB8D /* APCell7.h */ = {isa = PBXFileReference; fileEncoding = 4; lastKnownFileType = sourcecode.c.h; path = "APCell7.h"; sourceTree = "<group>"; };
		A16B18965E34A105BA44369A /* APCell6.h */ = {isa = PBXFileReference; fileEncoding = 4; lastKnownFileType = sourcecode.c.h; path = "APCell6.h"; sourceTree = "<group>"; };
		989C1E444A53F7E42D7AD5F9 /* APCell5.h */ = {isa = PBXFileReference; fileEncoding = 4; lastKnownFileType = sourcecode.c.h; path = "APCell5.h"; sourceTree = "<group>"; };
		C4A35BDCB9F8E672DE3BBE30 /* APCell4.h */ = {isa = PBXFileReference; fileEncoding = 4; lastKnownFileType = sourcecode.c.h; path = "APCell4.h"; sourceTree = "<group>"; };
		9C7726FAD6DD46574182F2B5 /* APCell3.h */ = {isa = PBXFileReference; fileEncoding = 4; lastKnownFileType = sourcecode.c.h; path = "APCell3.h"; sourceTree = "<group>"; };
		57D3EA61B90F0A62AA0B5601 /* APCell2.h */ = {isa = PBXFileReference; fileEncoding = 4; lastKnownFileType = sourcecode.c.h; path = "APCell2.h"; sourceTree = "<group>"; };
		331D6BDBF83D34E96D458ADF /* APCell1.h */ = {isa = PBXFileReference; fileEncoding = 4; lastKnownFileType = sourcecode.c.h; path = "APCell1.h"; sourceTree = "<group>"; };
		5C128849877C65ECFBF58598 /* APCell.h */ = {isa = PBXFileReference; fileEncoding = 4; lastKnownFileType = sourcecode.c.h; path = "APCell.h"; sourceTree = "<group>"; };
		17706C57666E7C166D3C6782 /* APScreen1.h */ = {isa = PBXFileReference; fileEncoding = 4; lastKnownFileType = sourcecode.c.h; path = "APScreen1.h"; sourceTree = "<group>"; };
		EE11F82B540D2AE61EE139C3 /* APDesignerNewsManager.m */ = {isa = PBXFileReference; fileEncoding = 4; lastKnownFileType = sourcecode.c.objc; path = "APDesignerNewsManager.m"; sourceTree = "<group>"; };
		B5F325DE7E347117AE7929D9 /* APTableScreen.m */ = {isa = PBXFileReference; fileEncoding = 4; lastKnownFileType = sourcecode.c.objc; path = "APTableScreen.m"; sourceTree = "<group>"; };
		F0AEA009E99F66B2C74DC589 /* APCell7.m */ = {isa = PBXFileReference; fileEncoding = 4; lastKnownFileType = sourcecode.c.objc; path = "APCell7.m"; sourceTree = "<group>"; };
		F2155291AE2EE0857AE70A30 /* APCell6.m */ = {isa = PBXFileReference; fileEncoding = 4; lastKnownFileType = sourcecode.c.objc; path = "APCell6.m"; sourceTree = "<group>"; };
		61059E6F441EEEC33E57C7D4 /* APCell5.m */ = {isa = PBXFileReference; fileEncoding = 4; lastKnownFileType = sourcecode.c.objc; path = "APCell5.m"; sourceTree = "<group>"; };
		E2A83FDFC3B420F14D596063 /* APCell4.m */ = {isa = PBXFileReference; fileEncoding = 4; lastKnownFileType = sourcecode.c.objc; path = "APCell4.m"; sourceTree = "<group>"; };
		47226FE3B7064C2BA6460973 /* APCell3.m */ = {isa = PBXFileReference; fileEncoding = 4; lastKnownFileType = sourcecode.c.objc; path = "APCell3.m"; sourceTree = "<group>"; };
		1AFA8DB2C00E25D3198C77D1 /* APCell2.m */ = {isa = PBXFileReference; fileEncoding = 4; lastKnownFileType = sourcecode.c.objc; path = "APCell2.m"; sourceTree = "<group>"; };
		B83B3DE53B3DDE19F1C932E1 /* APCell1.m */ = {isa = PBXFileReference; fileEncoding = 4; lastKnownFileType = sourcecode.c.objc; path = "APCell1.m"; sourceTree = "<group>"; };
		6E3E4A826A849FC077DBA698 /* APCell.m */ = {isa = PBXFileReference; fileEncoding = 4; lastKnownFileType = sourcecode.c.objc; path = "APCell.m"; sourceTree = "<group>"; };
		4D975B50936357949453D40A /* APScreen1.m */ = {isa = PBXFileReference; fileEncoding = 4; lastKnownFileType = sourcecode.c.objc; path = "APScreen1.m"; sourceTree = "<group>"; };
		7FCE51BA78317314EBD6DA17 /* Montserrat-Light.ttf */ = {isa = PBXFileReference; lastKnownFileType = file; path = "Montserrat-Light.ttf"; sourceTree = "<group>"; };
		0295AA3EA18923690E64A017 /* Montserrat-Regular.ttf */ = {isa = PBXFileReference; lastKnownFileType = file; path = "Montserrat-Regular.ttf"; sourceTree = "<group>"; };
		6B3A5F821D55CDC80000E45F /* LaunchScreen.storyboard */ = {isa = PBXFileReference; fileEncoding = 4; lastKnownFileType = file.storyboard; path = LaunchScreen.storyboard; sourceTree = "<group>"; };
		044ADF491DB572BA00DD6194 /* DesignerNewsUIKit.storyboard */ = {isa = PBXFileReference; fileEncoding = 4; lastKnownFileType = file.storyboard; path = DesignerNewsUIKit.storyboard; sourceTree = "<group>"; };
/* End PBXFileReference section */

/* Begin PBXFrameworksBuildPhase section */
        040B02DD1DB4277F000AC34A /* Frameworks */ = {
			isa = PBXFrameworksBuildPhase;
			buildActionMask = 2147483647;
			files = (
			);
			runOnlyForDeploymentPostprocessing = 0;
		};
		6B3A5F5B1D5532050000E45F /* Frameworks */ = {
			isa = PBXFrameworksBuildPhase;
			buildActionMask = 2147483647;
			files = (
				6B8206171D5777D500AE6F94 /* MapKit.framework in Frameworks */,
				6B8206151D5777D000AE6F94 /* AVFoundation.framework in Frameworks */,
				040B02E81DB4277F000AC34A /* DesignerNewsUIKit.framework in Frameworks */,
				6B8206131D5777CB00AE6F94 /* AVKit.framework in Frameworks */,
			);
			runOnlyForDeploymentPostprocessing = 0;
		};
/* End PBXFrameworksBuildPhase section */

/* Begin PBXGroup section */
		6B3A5F551D5532050000E45F = {
			isa = PBXGroup;
			children = (
			    6B3A5F601D5532050000E45F /* Example */,
				040B02E21DB4277F000AC34A /* DesignerNewsUIKit */,
				6B3A5F781D5533A90000E45F /* Anima-iOS-SDK */,
				6B8206181D5777DD00AE6F94 /* Frameworks */,
				6B3A5F5F1D5532050000E45F /* Products */,
			);
			sourceTree = "<group>";
		};
		6B3A5F5F1D5532050000E45F /* Products */ = {
			isa = PBXGroup;
			children = (
				6B3A5F5E1D5532050000E45F /* Example.app */,
				040B02E11DB4277F000AC34A /* DesignerNewsUIKit.framework */,
			);
			name = Products;
			sourceTree = "<group>";
		};
		6B3A5F601D5532050000E45F /* Example */ = {
			isa = PBXGroup;
			children = (
                6B3A5F611D5532050000E45F /* Supporting Files */,
                6B3A5F641D5532050000E45F /* AppDelegate.h */,
				6B3A5F651D5532050000E45F /* AppDelegate.m */,
				6B3A5F821D55CDC80000E45F /* LaunchScreen.storyboard */,
			);
			path = Example;
			sourceTree = "<group>";
		};
		6B3A5F611D5532050000E45F /* Supporting Files */ = {
			isa = PBXGroup;
			children = (
				6B3A5F621D5532050000E45F /* main.m */,
				6B3A5F721D5532050000E45F /* Info.plist */,
			);
			name = "Supporting Files";
			sourceTree = "<group>";
		};
		040B02E21DB4277F000AC34A /* DesignerNewsUIKit */ = {
			isa = PBXGroup;
			children = (
			    6B53AE841D6C875A008DF93D /* Resources */,
				6B3A5F6D1D5532050000E45F /* DesignerNewsUIKit.xcassets */,
				5C59344B020094DE094C74DD /* APDesignerNewsManager.h */,
				EE11F82B540D2AE61EE139C3 /* APDesignerNewsManager.m */,
				931EAA60F618E8BE66390DBA /* APTableScreen.h */,
				B5F325DE7E347117AE7929D9 /* APTableScreen.m */,
				F06736488BFB5897FEE7AB8D /* APCell7.h */,
				F0AEA009E99F66B2C74DC589 /* APCell7.m */,
				A16B18965E34A105BA44369A /* APCell6.h */,
				F2155291AE2EE0857AE70A30 /* APCell6.m */,
				989C1E444A53F7E42D7AD5F9 /* APCell5.h */,
				61059E6F441EEEC33E57C7D4 /* APCell5.m */,
				C4A35BDCB9F8E672DE3BBE30 /* APCell4.h */,
				E2A83FDFC3B420F14D596063 /* APCell4.m */,
				9C7726FAD6DD46574182F2B5 /* APCell3.h */,
				47226FE3B7064C2BA6460973 /* APCell3.m */,
				57D3EA61B90F0A62AA0B5601 /* APCell2.h */,
				1AFA8DB2C00E25D3198C77D1 /* APCell2.m */,
				331D6BDBF83D34E96D458ADF /* APCell1.h */,
				B83B3DE53B3DDE19F1C932E1 /* APCell1.m */,
				5C128849877C65ECFBF58598 /* APCell.h */,
				6E3E4A826A849FC077DBA698 /* APCell.m */,
				17706C57666E7C166D3C6782 /* APScreen1.h */,
				4D975B50936357949453D40A /* APScreen1.m */,
				040B02E31DB4277F000AC34A /* DesignerNewsUIKit.h */,
				044ADF491DB572BA00DD6194 /* DesignerNewsUIKit.storyboard */,
				040B02E41DB4277F000AC34A /* Info.plist */,
			);
			path = DesignerNewsUIKit;
			sourceTree = "<group>";
		};
		6B3A5F781D5533A90000E45F /* Anima-iOS-SDK */ = {
			isa = PBXGroup;
			children = (
				59485F6FEE889CFF1B6444F3 /* ANClassMapping.m */,
				DBC7C8DD213F8ADF830E73E5 /* ANTheme.h */,
				1DCD72216D14157C82B1AD1F /* UIWebView+Anima.h */,
				424A4C56D1329AE3A046E085 /* MKMapView+Anima.h */,
				F07AA236935925CDD6DCA8E4 /* Anima-Bridging-Header.h */,
				D394EA4D9ABE4117A47793FC /* ANRSSParser.m */,
				939DA6B8802EE1DA62D631A0 /* AnimaSDK.h */,
				7D599E8F6FB71A77041295FC /* ANRSSParser.h */,
				6590E391CDA55D366AD659ED /* ANNavigationController.m */,
				08BEFE7ECA1D01CBC3B23E96 /* ANMacros.h */,
				F1BDE2DAAA7CACB55CD94F9F /* MKMapView+Anima.m */,
				16C4AB45704D2EB2DAAA92A1 /* ANViewController.h */,
				81074FCA02DF6D8003B8D34E /* ANCSVParser.h */,
				1569BA5C1C93A8BCFB9D9961 /* UIView+AnimaConstraints.h */,
				F0A8A4075AFF2214812993F8 /* ANLabel.h */,
				F198964FE199D31B42203A86 /* ANTabBarController.m */,
				558C0CD02313F52FE41B3250 /* UIImageView+Anima.m */,
				42479B9EB0AB87E72BAEEDD8 /* ANGradientView.h */,
				D1FB4399DCDB4FE3D934B36E /* NSString+Anima.h */,
				C73862F7968BAB5544D9E09D /* ANTheme.m */,
				4A13947D35C3AFE86A473A2B /* ANCSVParser.m */,
				C7555DBA8E9E0E8832013579 /* ANVideoPlayer.m */,
				D56BC5EAEDBDF5767DDE5B3E /* ANViewController.m */,
				ABA424ED45C5B28DB7E264B3 /* ANGradientView.m */,
				84CE860274A57959961A1561 /* UIView+AnimaConstraints.m */,
				FA1B6E4A58BB15D0A68ACD01 /* NSDictionary+Anima.m */,
				AC6BF3C72A1955442B94A903 /* NSDictionary+Anima.h */,
				3F82DC7ED6C84B7DE486D1CC /* ANTextField.h */,
				A3D8366E13E736EDC4F4713C /* ANProtocols.h */,
				FD6A8B4732A16736BF8943F2 /* UIImageView+Anima.h */,
				EF30235F95DB5D9AD5D707BE /* UIView+Anima.h */,
				CCD6B3FB8156248852BAC910 /* ANTextField.m */,
				DAEF7D02FDAF74F776E957F8 /* ANTabBarController.h */,
				1A6AA2C63126E80AEE77E3D7 /* ANClassMapping.h */,
				2936D1A252749936A555386C /* UIView+Anima.m */,
				7A3AECC51180D73234FEEF72 /* ANNavigationController.h */,
				379983B53C74FB38073D0D29 /* ANDataList.m */,
				E539DA34ADC63AC2300BE620 /* ANDataList.h */,
				1C013689B180DCE31073767A /* ANVideoPlayer.h */,
				601A7026CF342C6E76D03B5A /* UIWebView+Anima.m */,
				095C84D1F7B7E31E5B8A5F79 /* NSString+Anima.m */,
				71461AFA10D3E48C24126714 /* ANLabel.m */,
				);
			path = "Anima-iOS-SDK";
			sourceTree = "<group>";
		};
        6B8206181D5777DD00AE6F94 /* Frameworks */ = {
			isa = PBXGroup;
			children = (
				6B8206161D5777D500AE6F94 /* MapKit.framework */,
				6B8206141D5777D000AE6F94 /* AVFoundation.framework */,
				6B8206121D5777CB00AE6F94 /* AVKit.framework */,
			);
			name = Frameworks;
			sourceTree = "<group>";
		};
        6B53AE841D6C875A008DF93D /* Resources */ = {
			isa = PBXGroup;
			children = (
				7FCE51BA78317314EBD6DA17 /* Montserrat-Light.ttf in Resources */,
				0295AA3EA18923690E64A017 /* Montserrat-Regular.ttf in Resources */,
				);
			name = Resources;
			path = Resources;
			sourceTree = "<group>";
		};
/* End PBXGroup section */

/* Begin PBXNativeTarget section */
		040B02E01DB4277F000AC34A /* DesignerNewsUIKit */ = {
			isa = PBXNativeTarget;
			buildConfigurationList = 040B02EC1DB4277F000AC34A /* Build configuration list for PBXNativeTarget "DesignerNewsUIKit" */;
			buildPhases = (
				040B02DC1DB4277F000AC34A /* Sources */,
				040B02DD1DB4277F000AC34A /* Frameworks */,
				040B02DE1DB4277F000AC34A /* Headers */,
				040B02DF1DB4277F000AC34A /* Resources */,
			);
			buildRules = (
			);
			dependencies = (
			);
			name = DesignerNewsUIKit;
			productName = DesignerNewsUIKit;
			productReference = 040B02E11DB4277F000AC34A /* DesignerNewsUIKit */;
			productType = "com.apple.product-type.framework";
		};
		6B3A5F5D1D5532050000E45F /* Example */ = {
			isa = PBXNativeTarget;
			buildConfigurationList = 6B3A5F751D5532050000E45F /* Build configuration list for PBXNativeTarget "Example" */;
			buildPhases = (
				6B3A5F5A1D5532050000E45F /* Sources */,
				6B3A5F5B1D5532050000E45F /* Frameworks */,
				040B02ED1DB4277F000AC34A /* Embed Frameworks */,
			);
			buildRules = (
			);
			dependencies = (
				040B02E71DB4277F000AC34A /* PBXTargetDependency */,
			);
			name = Example;
			productName = DesignerNews;
			productReference = 6B3A5F5E1D5532050000E45F /* Example.app */;
			productType = "com.apple.product-type.application";
		};
/* End PBXNativeTarget section */

/* Begin PBXProject section */
		6B3A5F561D5532050000E45F /* Project object */ = {
			isa = PBXProject;
			attributes = {
			    LastUpgradeCheck = 0730;
				ORGANIZATIONNAME = CompanyName;
				TargetAttributes = {
					6B3A5F5D1D5532050000E45F = {
						CreatedOnToolsVersion = 8.0;
					};
					040B02E01DB4277F000AC34A = {
						CreatedOnToolsVersion = 8.0;
					};
				};
			};
			buildConfigurationList = 6B3A5F591D5532050000E45F /* Build configuration list for PBXProject "DesignerNewsUIKit" */;
			compatibilityVersion = "Xcode 3.2";
			developmentRegion = English;
			hasScannedForEncodings = 0;
			knownRegions = (
				en,
				Base,
			);
			mainGroup = 6B3A5F551D5532050000E45F;
			productRefGroup = 6B3A5F5F1D5532050000E45F /* Products */;
			projectDirPath = "";
			projectRoot = "";
			targets = (
				6B3A5F5D1D5532050000E45F /* Example */,
				040B02E01DB4277F000AC34A /* DesignerNewsUIKit */,
			);
		};
/* End PBXProject section */

/* Begin PBXResourcesBuildPhase section */
        040B02DF1DB4277F000AC34A /* Resources */ = {
			isa = PBXResourcesBuildPhase;
			buildActionMask = 2147483647;
			files = (
				044ADF5C1DB572BA00DD6194 /* DesignerNewsUIKit.xcassets in Resources */,
				044ADFF41DB5784800DD6194 /* License.txt in Resources */,
				044ADF211DB5654D00DD6194 /* Info.plist in Resources */,
				044ADFE41DB5784800DD6194 /* Anima-iOS-SDK.podspec in Resources */,
				044ADF5B1DB572BA00DD6194 /* DesignerNewsUIKit.storyboard in Resources */,
				78862A5AC021FFCCC7FDAE3C /* Montserrat-Light.ttf in Resources */,
				349620E2CA262107927212BE /* Montserrat-Regular.ttf in Resources */,
				);
			runOnlyForDeploymentPostprocessing = 0;
		};
		6B3A5F5C1D5532050000E45F /* Resources */ = {
			isa = PBXResourcesBuildPhase;
			buildActionMask = 2147483647;
			files = (
				6B3A5F6E1D5532050000E45F /* DesignerNewsUIKit.xcassets.xcassets in Resources */,
				6B3A5F841D55CDC80000E45F /* LaunchScreen.storyboard in Resources */,
			);
			runOnlyForDeploymentPostprocessing = 0;
		};
/* End PBXResourcesBuildPhase section */

/* Begin PBXSourcesBuildPhase section */
        040B02DC1DB4277F000AC34A /* Sources */ = {
			isa = PBXSourcesBuildPhase;
			buildActionMask = 2147483647;
			files = (
				C3AC7CED0A6956312AF80477 /* ANClassMapping.m in Sources */,
				05D8B49D36ABAC66C8CE7BAD /* ANRSSParser.m in Sources */,
				DD19024768D51D2A05775B82 /* ANNavigationController.m in Sources */,
				F5D3CC09996B13D906B2C178 /* MKMapView+Anima.m in Sources */,
				892E65DBB3DB475F9217D9B5 /* ANTabBarController.m in Sources */,
				838DCD8AA857EC559E6BAD18 /* UIImageView+Anima.m in Sources */,
				FE988D7B483FDA3F69BD5A0F /* ANTheme.m in Sources */,
				5DCE6536320857C0F1DAB26B /* ANCSVParser.m in Sources */,
				9714C172DEA25ACF3B35E410 /* ANVideoPlayer.m in Sources */,
				8B702A018F3ED1E9B91F305B /* ANViewController.m in Sources */,
				90AAF1C3792A14BDDF9EC23D /* ANGradientView.m in Sources */,
				23C4E3912548C1085B121CE4 /* UIView+AnimaConstraints.m in Sources */,
				2BA7A8347C29141E0E24155F /* NSDictionary+Anima.m in Sources */,
				71DDFE225F729ED5CB99B5D9 /* ANTextField.m in Sources */,
				7CCAFCE8327FF4428C18007C /* UIView+Anima.m in Sources */,
				87337EAB36994BF0F4C43CCF /* ANDataList.m in Sources */,
				6D98F46538411A0581D86BCA /* UIWebView+Anima.m in Sources */,
				53DDA97FB1D082A58EEC2B98 /* NSString+Anima.m in Sources */,
				C808FE66DE9C1E35106D863D /* ANLabel.m in Sources */,
				4ECFEF77CA40084FB0F4BE9A /* APDesignerNewsManager.m in Sources */,
				A831C0924AB8F72558DC6607 /* APTableScreen.m in Sources */,
				66A8EC309BE4489E87ACD51D /* APCell7.m in Sources */,
				2047AF900EAA41389088CE19 /* APCell6.m in Sources */,
				C1E396107974543387B1DF6F /* APCell5.m in Sources */,
				050311DE40F4327E8D1F7A1B /* APCell4.m in Sources */,
				EDA9F0C0936BB88B79F5843E /* APCell3.m in Sources */,
				07F621F1F05D105464F167C7 /* APCell2.m in Sources */,
				39540586A0C904729DD3EE4D /* APCell1.m in Sources */,
				17CC2201BDC02DB91DDFB894 /* APCell.m in Sources */,
				1B646B4E2B018795D4F7ADA6 /* APScreen1.m in Sources */,
				);
			runOnlyForDeploymentPostprocessing = 0;
		};
		6B3A5F5A1D5532050000E45F /* Sources */ = {
			isa = PBXSourcesBuildPhase;
			buildActionMask = 2147483647;
			files = (
			    6B3A5F661D5532050000E45F /* AppDelegate.m in Sources */,
				6B3A5F631D5532050000E45F /* main.m in Sources */,
				);
			runOnlyForDeploymentPostprocessing = 0;
		};
/* End PBXSourcesBuildPhase section */

/* Begin PBXTargetDependency section */
		040B02E71DB4277F000AC34A /* PBXTargetDependency */ = {
			isa = PBXTargetDependency;
			target = 040B02E01DB4277F000AC34A /* DesignerNewsUIKit */;
			targetProxy = 040B02E61DB4277F000AC34A /* PBXContainerItemProxy */;
		};
/* End PBXTargetDependency section */

/* Begin XCBuildConfiguration section */
        040B02EA1DB4277F000AC34A /* Debug */ = {
			isa = XCBuildConfiguration;
			buildSettings = {
				CLANG_WARN_DOCUMENTATION_COMMENTS = YES;
				CLANG_WARN_INFINITE_RECURSION = YES;
				CLANG_WARN_SUSPICIOUS_MOVES = YES;
				CODE_SIGN_IDENTITY = "iPhone Developer";
				"CODE_SIGN_IDENTITY[sdk=iphoneos*]" = "iPhone Developer";
				CURRENT_PROJECT_VERSION = 1;
				DEFINES_MODULE = YES;
				DEVELOPMENT_TEAM = 9NBMUGY7C7;
				DYLIB_COMPATIBILITY_VERSION = 1;
				DYLIB_CURRENT_VERSION = 1;
				DYLIB_INSTALL_NAME_BASE = "@rpath";
				INFOPLIST_FILE = DesignerNewsUIKit/Info.plist;
				INSTALL_PATH = "$(LOCAL_LIBRARY_DIR)/Frameworks";
				IPHONEOS_DEPLOYMENT_TARGET = 9.0;
				LD_RUNPATH_SEARCH_PATHS = "$(inherited) @executable_path/Frameworks @loader_path/Frameworks";
				PRODUCT_BUNDLE_IDENTIFIER = com.CompanyName.DesignerNews;
				PRODUCT_NAME = "$(TARGET_NAME)";
				SKIP_INSTALL = YES;
				TARGETED_DEVICE_FAMILY = "1,2";
				VERSIONING_SYSTEM = "apple-generic";
				VERSION_INFO_PREFIX = "";
			};
			name = Debug;
		};
		040B02EB1DB4277F000AC34A /* Release */ = {
			isa = XCBuildConfiguration;
			buildSettings = {
				CLANG_WARN_DOCUMENTATION_COMMENTS = YES;
				CLANG_WARN_INFINITE_RECURSION = YES;
				CLANG_WARN_SUSPICIOUS_MOVES = YES;
				CODE_SIGN_IDENTITY = "";
				CURRENT_PROJECT_VERSION = 1;
				DEFINES_MODULE = YES;
				DEVELOPMENT_TEAM = 9NBMUGY7C7;
				DYLIB_COMPATIBILITY_VERSION = 1;
				DYLIB_CURRENT_VERSION = 1;
				DYLIB_INSTALL_NAME_BASE = "@rpath";
				INFOPLIST_FILE = DesignerNewsUIKit/Info.plist;
				INSTALL_PATH = "$(LOCAL_LIBRARY_DIR)/Frameworks";
				IPHONEOS_DEPLOYMENT_TARGET = 9.0;
				LD_RUNPATH_SEARCH_PATHS = "$(inherited) @executable_path/Frameworks @loader_path/Frameworks";
				PRODUCT_BUNDLE_IDENTIFIER = com.CompanyName.DesignerNews;
				PRODUCT_NAME = "$(TARGET_NAME)";
				SKIP_INSTALL = YES;
				TARGETED_DEVICE_FAMILY = "1,2";
				VERSIONING_SYSTEM = "apple-generic";
				VERSION_INFO_PREFIX = "";
			};
			name = Release;
		};
		6B3A5F731D5532050000E45F /* Debug */ = {
			isa = XCBuildConfiguration;
			buildSettings = {
				ALWAYS_SEARCH_USER_PATHS = NO;
				CLANG_ANALYZER_NONNULL = YES;
				CLANG_CXX_LANGUAGE_STANDARD = "gnu++0x";
				CLANG_CXX_LIBRARY = "libc++";
				CLANG_ENABLE_MODULES = YES;
				CLANG_ENABLE_OBJC_ARC = YES;
				CLANG_WARN_BOOL_CONVERSION = YES;
				CLANG_WARN_CONSTANT_CONVERSION = YES;
				CLANG_WARN_DIRECT_OBJC_ISA_USAGE = YES_ERROR;
				CLANG_WARN_EMPTY_BODY = YES;
				CLANG_WARN_ENUM_CONVERSION = YES;
				CLANG_WARN_INT_CONVERSION = YES;
				CLANG_WARN_OBJC_ROOT_CLASS = YES_ERROR;
				CLANG_WARN_UNREACHABLE_CODE = YES;
				CLANG_WARN__DUPLICATE_METHOD_MATCH = YES;
				"CODE_SIGN_IDENTITY[sdk=iphoneos*]" = "iPhone Developer";
				COPY_PHASE_STRIP = NO;
				DEBUG_INFORMATION_FORMAT = dwarf;
				ENABLE_STRICT_OBJC_MSGSEND = YES;
				ENABLE_TESTABILITY = YES;
				GCC_C_LANGUAGE_STANDARD = gnu99;
				GCC_DYNAMIC_NO_PIC = NO;
				GCC_NO_COMMON_BLOCKS = YES;
				GCC_OPTIMIZATION_LEVEL = 0;
				GCC_PREPROCESSOR_DEFINITIONS = (
					"DEBUG=1",
					"$(inherited)",
				);
				GCC_WARN_64_TO_32_BIT_CONVERSION = YES;
				GCC_WARN_ABOUT_RETURN_TYPE = YES_ERROR;
				GCC_WARN_UNDECLARED_SELECTOR = YES;
				GCC_WARN_UNINITIALIZED_AUTOS = YES_AGGRESSIVE;
				GCC_WARN_UNUSED_FUNCTION = YES;
				GCC_WARN_UNUSED_VARIABLE = YES;
				IPHONEOS_DEPLOYMENT_TARGET = 9.0;
				MTL_ENABLE_DEBUG_INFO = YES;
				ONLY_ACTIVE_ARCH = YES;
				SDKROOT = iphoneos;
				};
			name = Debug;
		};
		6B3A5F741D5532050000E45F /* Release */ = {
			isa = XCBuildConfiguration;
			buildSettings = {
				ALWAYS_SEARCH_USER_PATHS = NO;
				CLANG_ANALYZER_NONNULL = YES;
				CLANG_CXX_LANGUAGE_STANDARD = "gnu++0x";
				CLANG_CXX_LIBRARY = "libc++";
				CLANG_ENABLE_MODULES = YES;
				CLANG_ENABLE_OBJC_ARC = YES;
				CLANG_WARN_BOOL_CONVERSION = YES;
				CLANG_WARN_CONSTANT_CONVERSION = YES;
				CLANG_WARN_DIRECT_OBJC_ISA_USAGE = YES_ERROR;
				CLANG_WARN_EMPTY_BODY = YES;
				CLANG_WARN_ENUM_CONVERSION = YES;
				CLANG_WARN_INT_CONVERSION = YES;
				CLANG_WARN_OBJC_ROOT_CLASS = YES_ERROR;
				CLANG_WARN_UNREACHABLE_CODE = YES;
				CLANG_WARN__DUPLICATE_METHOD_MATCH = YES;
				"CODE_SIGN_IDENTITY[sdk=iphoneos*]" = "iPhone Developer";
				COPY_PHASE_STRIP = NO;
				DEBUG_INFORMATION_FORMAT = "dwarf-with-dsym";
				ENABLE_NS_ASSERTIONS = NO;
				ENABLE_STRICT_OBJC_MSGSEND = YES;
				GCC_C_LANGUAGE_STANDARD = gnu99;
				GCC_NO_COMMON_BLOCKS = YES;
				GCC_WARN_64_TO_32_BIT_CONVERSION = YES;
				GCC_WARN_ABOUT_RETURN_TYPE = YES_ERROR;
				GCC_WARN_UNDECLARED_SELECTOR = YES;
				GCC_WARN_UNINITIALIZED_AUTOS = YES_AGGRESSIVE;
				GCC_WARN_UNUSED_FUNCTION = YES;
				GCC_WARN_UNUSED_VARIABLE = YES;
				IPHONEOS_DEPLOYMENT_TARGET = 9.0;
				MTL_ENABLE_DEBUG_INFO = NO;
				SDKROOT = iphoneos;
				VALIDATE_PRODUCT = YES;
				};
			name = Release;
		};
		6B3A5F761D5532050000E45F /* Debug */ = {
			isa = XCBuildConfiguration;
			buildSettings = {
				ASSETCATALOG_COMPILER_APPICON_NAME = AppIcon;
				INFOPLIST_FILE = Example/Info.plist;
				IPHONEOS_DEPLOYMENT_TARGET = 9.0;
				LD_RUNPATH_SEARCH_PATHS = "$(inherited) @executable_path/Frameworks";
				PRODUCT_BUNDLE_IDENTIFIER = com.CompanyName.DesignerNews;
				PRODUCT_NAME = "$(TARGET_NAME)";
			};
			name = Debug;
		};
		6B3A5F771D5532050000E45F /* Release */ = {
			isa = XCBuildConfiguration;
			buildSettings = {
				ASSETCATALOG_COMPILER_APPICON_NAME = AppIcon;
				INFOPLIST_FILE = Example/Info.plist;
				IPHONEOS_DEPLOYMENT_TARGET = 9.0;
				LD_RUNPATH_SEARCH_PATHS = "$(inherited) @executable_path/Frameworks";
				PRODUCT_BUNDLE_IDENTIFIER = com.CompanyName.DesignerNews;
				PRODUCT_NAME = "$(TARGET_NAME)";
			};
			name = Release;
		};
/* End XCBuildConfiguration section */

/* Begin XCConfigurationList section */
        040B02EC1DB4277F000AC34A /* Build configuration list for PBXNativeTarget "DesignerNewsUIKit" */ = {
			isa = XCConfigurationList;
			buildConfigurations = (
				040B02EA1DB4277F000AC34A /* Debug */,
				040B02EB1DB4277F000AC34A /* Release */,
			);
			defaultConfigurationIsVisible = 0;
			defaultConfigurationName = Release;
		};
		6B3A5F591D5532050000E45F /* Build configuration list for PBXProject "Example" */ = {
			isa = XCConfigurationList;
			buildConfigurations = (
				6B3A5F731D5532050000E45F /* Debug */,
				6B3A5F741D5532050000E45F /* Release */,
			);
			defaultConfigurationIsVisible = 0;
			defaultConfigurationName = Release;
		};
		6B3A5F751D5532050000E45F /* Build configuration list for PBXNativeTarget "DesignerNewsUIKit" */ = {
			isa = XCConfigurationList;
			buildConfigurations = (
				6B3A5F761D5532050000E45F /* Debug */,
				6B3A5F771D5532050000E45F /* Release */,
			);
			defaultConfigurationIsVisible = 0;
		};
/* End XCConfigurationList section */
	};
	rootObject = 6B3A5F561D5532050000E45F /* Project object */;
}