// !$*UTF8*$!
{
	archiveVersion = 1;
	classes = {
	};
	objectVersion = 46;
	objects = {

/* Begin PBXBuildFile section */
		040B02E81DB4277F000AC34A /* DesignerNewsUIKit.framework in Frameworks */ = {isa = PBXBuildFile; fileRef = 040B02E11DB4277F000AC34A /* DesignerNewsUIKit.framework */; };
		040B02E91DB4277F000AC34A /* DesignerNewsUIKit.framework in Embed Frameworks */ = {isa = PBXBuildFile; fileRef = 040B02E11DB4277F000AC34A /* DesignerNewsUIKit.framework */; settings = {ATTRIBUTES = (CodeSignOnCopy, RemoveHeadersOnCopy, ); }; };
		6B8206131D5777CB00AE6F94 /* AVKit.framework in Frameworks */ = {isa = PBXBuildFile; fileRef = 6B8206121D5777CB00AE6F94 /* AVKit.framework */; };
		6B8206151D5777D000AE6F94 /* AVFoundation.framework in Frameworks */ = {isa = PBXBuildFile; fileRef = 6B8206141D5777D000AE6F94 /* AVFoundation.framework */; };
		6B8206171D5777D500AE6F94 /* MapKit.framework in Frameworks */ = {isa = PBXBuildFile; fileRef = 6B8206161D5777D500AE6F94 /* MapKit.framework */; };
		040B02E51DB4277F000AC34A /* DesignerNewsUIKit.h in Headers */ = {isa = PBXBuildFile; fileRef = 040B02E31DB4277F000AC34A /* DesignerNewsUIKit.h */; settings = {ATTRIBUTES = (Public, ); }; };
		6B3A5F631D5532050000E45F /* main.m in Sources */ = {isa = PBXBuildFile; fileRef = 6B3A5F621D5532050000E45F /* main.m */; };
		6B3A5F661D5532050000E45F /* AppDelegate.m in Sources */ = {isa = PBXBuildFile; fileRef = 6B3A5F651D5532050000E45F /* AppDelegate.m */; };
		044ADF5C1DB572BA00DD6194 /* DesignerNewsUIKit.xcassets in Resources */ = {isa = PBXBuildFile; fileRef = 6B3A5F6D1D5532050000E45F /* DesignerNewsUIKit.xcassets */; };
		59F54C06B19315D33687B909 /* ANTheme.h in Headers */ = {isa = PBXBuildFile; fileRef = 681D7D8C1363B4C89DE00291 /* ANTheme.h */; settings = {ATTRIBUTES = (Public, ); }; };
		716CE46EC421DA8977049539 /* UIWebView+Anima.h in Headers */ = {isa = PBXBuildFile; fileRef = 6A6E225F2A23BC49C8C69E06 /* UIWebView+Anima.h */; settings = {ATTRIBUTES = (Public, ); }; };
		A3AB23D2AFAD4E13490738B2 /* MKMapView+Anima.h in Headers */ = {isa = PBXBuildFile; fileRef = E40F296292B62A7D9CAEEBAB /* MKMapView+Anima.h */; settings = {ATTRIBUTES = (Public, ); }; };
		F7CA93ED71D328F5DD341C2F /* Anima-Bridging-Header.h in Headers */ = {isa = PBXBuildFile; fileRef = 4AD2414787E92D489F7BFB82 /* Anima-Bridging-Header.h */; settings = {ATTRIBUTES = (Public, ); }; };
		A95A77A88B2B49252E612B7E /* AnimaSDK.h in Headers */ = {isa = PBXBuildFile; fileRef = 5297B722C2DEF03624F690E2 /* AnimaSDK.h */; settings = {ATTRIBUTES = (Public, ); }; };
		C09A8F31065BB2E292D533D8 /* ANRSSParser.h in Headers */ = {isa = PBXBuildFile; fileRef = 3C6F7605733AF8FFB5302C8B /* ANRSSParser.h */; settings = {ATTRIBUTES = (Public, ); }; };
		EBC1A819DCD19F49649358ED /* ANMacros.h in Headers */ = {isa = PBXBuildFile; fileRef = D0A11CF0875478AD7928D313 /* ANMacros.h */; settings = {ATTRIBUTES = (Public, ); }; };
		E8D23731E5042DCACC5D891F /* ANViewController.h in Headers */ = {isa = PBXBuildFile; fileRef = 7CB7F24452FBE3E6477FBA9D /* ANViewController.h */; settings = {ATTRIBUTES = (Public, ); }; };
		EC510113F71CB7919291674C /* ANCSVParser.h in Headers */ = {isa = PBXBuildFile; fileRef = A337644A52E4CBF22B16800A /* ANCSVParser.h */; settings = {ATTRIBUTES = (Public, ); }; };
		ACE0EA0F6E1A3D7E7E06475A /* UIView+AnimaConstraints.h in Headers */ = {isa = PBXBuildFile; fileRef = 18CEC83B8874195C38C1A138 /* UIView+AnimaConstraints.h */; settings = {ATTRIBUTES = (Public, ); }; };
		536865383BFE0FF57B1CA1BC /* ANLabel.h in Headers */ = {isa = PBXBuildFile; fileRef = B3F8416A5CF40179FE9F0E74 /* ANLabel.h */; settings = {ATTRIBUTES = (Public, ); }; };
		7780FD5A9CB10574EE43C3B9 /* ANGradientView.h in Headers */ = {isa = PBXBuildFile; fileRef = B8B07035D56CBE79A019FC5F /* ANGradientView.h */; settings = {ATTRIBUTES = (Public, ); }; };
		30F1041E3844E6A49906A839 /* NSString+Anima.h in Headers */ = {isa = PBXBuildFile; fileRef = 3007F0B9FFA2F7C018609A63 /* NSString+Anima.h */; settings = {ATTRIBUTES = (Public, ); }; };
		F203688FD6AAF3A29F64E008 /* NSDictionary+Anima.h in Headers */ = {isa = PBXBuildFile; fileRef = 05818AF06F7ED991BD006CE6 /* NSDictionary+Anima.h */; settings = {ATTRIBUTES = (Public, ); }; };
		9FBFD733F71C00CFFE562243 /* ANTextField.h in Headers */ = {isa = PBXBuildFile; fileRef = DF99AADE8DDA72B7B0E59705 /* ANTextField.h */; settings = {ATTRIBUTES = (Public, ); }; };
		DC4DAD513A887525E4D790D3 /* ANProtocols.h in Headers */ = {isa = PBXBuildFile; fileRef = DDD79743BDD5A8770EBB1C28 /* ANProtocols.h */; settings = {ATTRIBUTES = (Public, ); }; };
		8CC828B70BE0D4F34160E26E /* UIImageView+Anima.h in Headers */ = {isa = PBXBuildFile; fileRef = 9BC10A451BD9C901707DD3CE /* UIImageView+Anima.h */; settings = {ATTRIBUTES = (Public, ); }; };
		DDE9012314D7361755A99452 /* UIView+Anima.h in Headers */ = {isa = PBXBuildFile; fileRef = 47070ADED349DECBCC8B3F2F /* UIView+Anima.h */; settings = {ATTRIBUTES = (Public, ); }; };
		9E43A9261E243F63D65474AC /* ANTabBarController.h in Headers */ = {isa = PBXBuildFile; fileRef = 3BFDA8495739484B22543F11 /* ANTabBarController.h */; settings = {ATTRIBUTES = (Public, ); }; };
		0EC47ECB715E9FF4C400DA21 /* ANClassMapping.h in Headers */ = {isa = PBXBuildFile; fileRef = 5806FBC48EA336FA3927114D /* ANClassMapping.h */; settings = {ATTRIBUTES = (Public, ); }; };
		B10878667C8BC400BABDAB64 /* ANNavigationController.h in Headers */ = {isa = PBXBuildFile; fileRef = 0A940590FD1E31ECD870F1BE /* ANNavigationController.h */; settings = {ATTRIBUTES = (Public, ); }; };
		1D99CC5F715049179A2F4542 /* ANDataList.h in Headers */ = {isa = PBXBuildFile; fileRef = 2C29B73B203F022938DE696A /* ANDataList.h */; settings = {ATTRIBUTES = (Public, ); }; };
		D1E18917363902E6F6C3D3B5 /* ANVideoPlayer.h in Headers */ = {isa = PBXBuildFile; fileRef = C08242958326F84D67378FBD /* ANVideoPlayer.h */; settings = {ATTRIBUTES = (Public, ); }; };
		F0649EB59FBEFC35CF595976 /* ANClassMapping.m in Sources */ = {isa = PBXBuildFile; fileRef = 5DA110DB14095AAFA9E341A4 /* ANClassMapping.m */; };
		CD8BF057C0A88FB10E4D6791 /* ANRSSParser.m in Sources */ = {isa = PBXBuildFile; fileRef = 676A03256B5FA62FC3B4DA6B /* ANRSSParser.m */; };
		3553346DA8DF1BFEE1DA2F3B /* ANNavigationController.m in Sources */ = {isa = PBXBuildFile; fileRef = 28F2A8967F27D832C2311E08 /* ANNavigationController.m */; };
		65F0BB89600F78B16626DF7F /* MKMapView+Anima.m in Sources */ = {isa = PBXBuildFile; fileRef = 594C1BFDB45D8DA06FC745CE /* MKMapView+Anima.m */; };
		B6AB07447DDF20420074C20A /* ANTabBarController.m in Sources */ = {isa = PBXBuildFile; fileRef = 8C7B02C9EA3A8045035546B8 /* ANTabBarController.m */; };
		F99518835FB47F18C1E8EE64 /* UIImageView+Anima.m in Sources */ = {isa = PBXBuildFile; fileRef = 8CEA0B9797808A3E3BEA5497 /* UIImageView+Anima.m */; };
		16D4389619D3757A926736CE /* ANTheme.m in Sources */ = {isa = PBXBuildFile; fileRef = 3F15095E88283A1B1FE65C91 /* ANTheme.m */; };
		651293F474AE34DE404B61D6 /* ANCSVParser.m in Sources */ = {isa = PBXBuildFile; fileRef = 526256A0396495A54A242DF5 /* ANCSVParser.m */; };
		9B631B27C600A6F5BCC32F5F /* ANVideoPlayer.m in Sources */ = {isa = PBXBuildFile; fileRef = 56DC60D409E653B936A6766B /* ANVideoPlayer.m */; };
		E6BA2D8EC226B380BFD5E269 /* ANViewController.m in Sources */ = {isa = PBXBuildFile; fileRef = A9DD4C8B6CB9748E668324DB /* ANViewController.m */; };
		3BF245207392D3B3B3CE72C1 /* ANGradientView.m in Sources */ = {isa = PBXBuildFile; fileRef = 92E467DD615A4D2D5B208D66 /* ANGradientView.m */; };
		9ECAD0B03F9106F72D1552A4 /* UIView+AnimaConstraints.m in Sources */ = {isa = PBXBuildFile; fileRef = F22DB599964140A1847144B0 /* UIView+AnimaConstraints.m */; };
		9652D4D35F6FC83DC0EC2611 /* NSDictionary+Anima.m in Sources */ = {isa = PBXBuildFile; fileRef = DCDB43CD13A6986E3D4C1FFB /* NSDictionary+Anima.m */; };
		387E9C73554B22BF8CC85348 /* ANTextField.m in Sources */ = {isa = PBXBuildFile; fileRef = 4421AF670D9B9119D4E075C8 /* ANTextField.m */; };
		54AF1B1CB69861B82222BB79 /* UIView+Anima.m in Sources */ = {isa = PBXBuildFile; fileRef = 7EEA45F1A9431729A71FB944 /* UIView+Anima.m */; };
		0E545414E5EBCFDE4C86E344 /* ANDataList.m in Sources */ = {isa = PBXBuildFile; fileRef = 5360931B271E94D412CB2E4D /* ANDataList.m */; };
		FE68627FA135DAAF21B06651 /* UIWebView+Anima.m in Sources */ = {isa = PBXBuildFile; fileRef = 16297113D3ABCDA52DA41CA1 /* UIWebView+Anima.m */; };
		64E25567FDDF974F2FC6305A /* NSString+Anima.m in Sources */ = {isa = PBXBuildFile; fileRef = 2E9143B076233D2334146A7F /* NSString+Anima.m */; };
		904B7B39C50C94AE846533C9 /* ANLabel.m in Sources */ = {isa = PBXBuildFile; fileRef = FCFAA97FC91E32B5B3CDA6B3 /* ANLabel.m */; };
		B6B5ADE0D5628149810263A4 /* APDesignerNewsManager.h in Headers */ = {isa = PBXBuildFile; fileRef = 8FC9A7A9F58744EBDF734CDC /* APDesignerNewsManager.h */; settings = {ATTRIBUTES = (Public, ); }; };
		FBFE4FAE92080666ECAEB94C /* APTableScreen.h in Headers */ = {isa = PBXBuildFile; fileRef = 49D8DD4EF855A692A959370B /* APTableScreen.h */; settings = {ATTRIBUTES = (Public, ); }; };
		3DB5687A2ABA5D522F356B4F /* APCell7.h in Headers */ = {isa = PBXBuildFile; fileRef = 4E9FAFCFD94E8D56BDE813C2 /* APCell7.h */; settings = {ATTRIBUTES = (Public, ); }; };
		B9DCE4D73BBAB83FA2682655 /* APCell6.h in Headers */ = {isa = PBXBuildFile; fileRef = A6F549D56AE160B1E740D7E6 /* APCell6.h */; settings = {ATTRIBUTES = (Public, ); }; };
		892CC20D68DF2273048CD64E /* APCell5.h in Headers */ = {isa = PBXBuildFile; fileRef = 3E12C65E00B7E7286E3AF1D7 /* APCell5.h */; settings = {ATTRIBUTES = (Public, ); }; };
		5BA5068856FF26B743817F75 /* APCell4.h in Headers */ = {isa = PBXBuildFile; fileRef = 8C0472616E33C13D95B9463B /* APCell4.h */; settings = {ATTRIBUTES = (Public, ); }; };
		7CDDD5E3F807452A8BD117CD /* APCell3.h in Headers */ = {isa = PBXBuildFile; fileRef = ACAFF3FC42C502B35673665B /* APCell3.h */; settings = {ATTRIBUTES = (Public, ); }; };
		FABAD15773998FB62D8FED1A /* APCell2.h in Headers */ = {isa = PBXBuildFile; fileRef = 8831C40AE43EEA2BA36C05EA /* APCell2.h */; settings = {ATTRIBUTES = (Public, ); }; };
		0EC5875019B1B24C606ED52F /* APCell1.h in Headers */ = {isa = PBXBuildFile; fileRef = 6A81001B598AF1ECB1B66DC9 /* APCell1.h */; settings = {ATTRIBUTES = (Public, ); }; };
		06A5BF30E1CD26BDEFFFA848 /* APCell.h in Headers */ = {isa = PBXBuildFile; fileRef = 1B52B1A3C82DBC119BCA9651 /* APCell.h */; settings = {ATTRIBUTES = (Public, ); }; };
		799CB96F6CFA9468D398E4A5 /* APScreen1.h in Headers */ = {isa = PBXBuildFile; fileRef = F61275EC0DE89B47E52502C3 /* APScreen1.h */; settings = {ATTRIBUTES = (Public, ); }; };
		214BDF8DEB85A1629E6CE743 /* APDesignerNewsManager.m in Sources */ = {isa = PBXBuildFile; fileRef = 5E15FC29B12E3CF067037CB3 /* APDesignerNewsManager.m */; };
		457C859A5965F9722304FF8D /* APTableScreen.m in Sources */ = {isa = PBXBuildFile; fileRef = F0905C9E2B42A7C2E4E59E8F /* APTableScreen.m */; };
		BE630070A0BFF03023009595 /* APCell7.m in Sources */ = {isa = PBXBuildFile; fileRef = 2EC1D6395380C369E0FE687C /* APCell7.m */; };
		D2F92128C45306F12794D5F9 /* APCell6.m in Sources */ = {isa = PBXBuildFile; fileRef = F5B088DAAE3799A97E6EC4F5 /* APCell6.m */; };
		BD7508C7A5417AED079FEA05 /* APCell5.m in Sources */ = {isa = PBXBuildFile; fileRef = D2E6E1EDC520A6EE0422310A /* APCell5.m */; };
		AA499BC2720CE2C727DD1086 /* APCell4.m in Sources */ = {isa = PBXBuildFile; fileRef = B1BBC98B2B56E16824739E3C /* APCell4.m */; };
		464DABB099DC2C5F8E88EE26 /* APCell3.m in Sources */ = {isa = PBXBuildFile; fileRef = 2A5AF4631456E8DEA04FD82A /* APCell3.m */; };
		D92D457CCD0B0C0376F57FFF /* APCell2.m in Sources */ = {isa = PBXBuildFile; fileRef = CE70C853B199C686DC5DC995 /* APCell2.m */; };
		49444BCBB932F4DB4B7ECBBC /* APCell1.m in Sources */ = {isa = PBXBuildFile; fileRef = 15ED3554CBF9AC02B7644C5F /* APCell1.m */; };
		635198CE783AA3094E0F2266 /* APCell.m in Sources */ = {isa = PBXBuildFile; fileRef = F57DB76896EEBD7AA075D52E /* APCell.m */; };
		C0F5C7A5BE1B915CA8AD3118 /* APScreen1.m in Sources */ = {isa = PBXBuildFile; fileRef = 5494FED8EF3A9E784BF13897 /* APScreen1.m */; };
		F09FF2E9C571725B336A8D77 /* Montserrat-Light.ttf in Resources */ = {isa = PBXBuildFile; fileRef = 7FDB1EF92DD0957001DE6C4F /* Montserrat-Light.ttf */; };
		57E8B2158C44F04CA7D8E6E3 /* Montserrat-Regular.ttf in Resources */ = {isa = PBXBuildFile; fileRef = D93DBA9CC40D848A2103E7DD /* Montserrat-Regular.ttf */; };
		044ADF5B1DB572BA00DD6194 /* DesignerNewsUIKit.storyboard in Resources */ = {isa = PBXBuildFile; fileRef = 044ADF491DB572BA00DD6194 /* DesignerNewsUIKit.storyboard */; };
		6B3A5F841D55CDC80000E45F /* LaunchScreen.storyboard in Resources */ = {isa = PBXBuildFile; fileRef = 6B3A5F821D55CDC80000E45F /* LaunchScreen.storyboard */; };
/* End PBXBuildFile section */

/* Begin PBXContainerItemProxy section */
		040B02E61DB4277F000AC34A /* PBXContainerItemProxy */ = {
			isa = PBXContainerItemProxy;
			containerPortal = 6B3A5F561D5532050000E45F /* Project object */;
			proxyType = 1;
			remoteGlobalIDString = 040B02E01DB4277F000AC34A;
			remoteInfo = DesignerNewsUIKit;
		};
/* End PBXContainerItemProxy section */

/* Begin PBXHeadersBuildPhase section */
		040B02DE1DB4277F000AC34A /* Headers */ = {
			isa = PBXHeadersBuildPhase;
			buildActionMask = 2147483647;
			files = (
			    040B02E51DB4277F000AC34A /* DesignerNewsUIKit.h in Headers */,
		        59F54C06B19315D33687B909 /* ANTheme.h in Headers */,
		        716CE46EC421DA8977049539 /* UIWebView+Anima.h in Headers */,
		        A3AB23D2AFAD4E13490738B2 /* MKMapView+Anima.h in Headers */,
		        F7CA93ED71D328F5DD341C2F /* Anima-Bridging-Header.h in Headers */,
		        A95A77A88B2B49252E612B7E /* AnimaSDK.h in Headers */,
		        C09A8F31065BB2E292D533D8 /* ANRSSParser.h in Headers */,
		        EBC1A819DCD19F49649358ED /* ANMacros.h in Headers */,
		        E8D23731E5042DCACC5D891F /* ANViewController.h in Headers */,
		        EC510113F71CB7919291674C /* ANCSVParser.h in Headers */,
		        ACE0EA0F6E1A3D7E7E06475A /* UIView+AnimaConstraints.h in Headers */,
		        536865383BFE0FF57B1CA1BC /* ANLabel.h in Headers */,
		        7780FD5A9CB10574EE43C3B9 /* ANGradientView.h in Headers */,
		        30F1041E3844E6A49906A839 /* NSString+Anima.h in Headers */,
		        F203688FD6AAF3A29F64E008 /* NSDictionary+Anima.h in Headers */,
		        9FBFD733F71C00CFFE562243 /* ANTextField.h in Headers */,
		        DC4DAD513A887525E4D790D3 /* ANProtocols.h in Headers */,
		        8CC828B70BE0D4F34160E26E /* UIImageView+Anima.h in Headers */,
		        DDE9012314D7361755A99452 /* UIView+Anima.h in Headers */,
		        9E43A9261E243F63D65474AC /* ANTabBarController.h in Headers */,
		        0EC47ECB715E9FF4C400DA21 /* ANClassMapping.h in Headers */,
		        B10878667C8BC400BABDAB64 /* ANNavigationController.h in Headers */,
		        1D99CC5F715049179A2F4542 /* ANDataList.h in Headers */,
		        D1E18917363902E6F6C3D3B5 /* ANVideoPlayer.h in Headers */,
		        B6B5ADE0D5628149810263A4 /* APDesignerNewsManager.h in Headers */,
		        FBFE4FAE92080666ECAEB94C /* APTableScreen.h in Headers */,
		        3DB5687A2ABA5D522F356B4F /* APCell7.h in Headers */,
		        B9DCE4D73BBAB83FA2682655 /* APCell6.h in Headers */,
		        892CC20D68DF2273048CD64E /* APCell5.h in Headers */,
		        5BA5068856FF26B743817F75 /* APCell4.h in Headers */,
		        7CDDD5E3F807452A8BD117CD /* APCell3.h in Headers */,
		        FABAD15773998FB62D8FED1A /* APCell2.h in Headers */,
		        0EC5875019B1B24C606ED52F /* APCell1.h in Headers */,
		        06A5BF30E1CD26BDEFFFA848 /* APCell.h in Headers */,
		        799CB96F6CFA9468D398E4A5 /* APScreen1.h in Headers */,
		        );
			runOnlyForDeploymentPostprocessing = 0;
		};
/* End PBXHeadersBuildPhase section */

/* Begin PBXCopyFilesBuildPhase section */
		040B02ED1DB4277F000AC34A /* Embed Frameworks */ = {
			isa = PBXCopyFilesBuildPhase;
			buildActionMask = 2147483647;
			dstPath = "";
			dstSubfolderSpec = 10;
			files = (
				040B02E91DB4277F000AC34A /* DesignerNewsUIKit.framework in Embed Frameworks */,
			);
			name = "Embed Frameworks";
			runOnlyForDeploymentPostprocessing = 0;
		};
/* End PBXCopyFilesBuildPhase section */

/* Begin PBXFileReference section */
        040B02E11DB4277F000AC34A /* DesignerNewsUIKit.framework */ = {isa = PBXFileReference; explicitFileType = wrapper.framework; includeInIndex = 0; path = DesignerNewsUIKit.framework; sourceTree = BUILT_PRODUCTS_DIR; };
		040B02E31DB4277F000AC34A /* DesignerNewsUIKit.h */ = {isa = PBXFileReference; lastKnownFileType = sourcecode.c.h; path = DesignerNewsUIKit.h; sourceTree = "<group>"; };
		040B02E41DB4277F000AC34A /* Info.plist */ = {isa = PBXFileReference; lastKnownFileType = text.plist.xml; path = Info.plist; sourceTree = "<group>"; };
		6B3A5F5E1D5532050000E45F /* Example.app */ = {isa = PBXFileReference; explicitFileType = wrapper.application; includeInIndex = 0; path = Example.app; sourceTree = BUILT_PRODUCTS_DIR; };
        6B8206121D5777CB00AE6F94 /* AVKit.framework */ = {isa = PBXFileReference; lastKnownFileType = wrapper.framework; name = AVKit.framework; path = System/Library/Frameworks/AVKit.framework; sourceTree = SDKROOT; };
		6B8206141D5777D000AE6F94 /* AVFoundation.framework */ = {isa = PBXFileReference; lastKnownFileType = wrapper.framework; name = AVFoundation.framework; path = System/Library/Frameworks/AVFoundation.framework; sourceTree = SDKROOT; };
		6B8206161D5777D500AE6F94 /* MapKit.framework */ = {isa = PBXFileReference; lastKnownFileType = wrapper.framework; name = MapKit.framework; path = System/Library/Frameworks/MapKit.framework; sourceTree = SDKROOT; };
		6B3A5F621D5532050000E45F /* main.m */ = {isa = PBXFileReference; lastKnownFileType = sourcecode.c.objc; path = main.m; sourceTree = "<group>"; };
		6B3A5F641D5532050000E45F /* AppDelegate.h */ = {isa = PBXFileReference; lastKnownFileType = sourcecode.c.h; path = AppDelegate.h; sourceTree = "<group>"; };
		6B3A5F651D5532050000E45F /* AppDelegate.m */ = {isa = PBXFileReference; lastKnownFileType = sourcecode.c.objc; path = AppDelegate.m; sourceTree = "<group>"; };
		6B3A5F6D1D5532050000E45F /* DesignerNewsUIKit.xcassets */ = {isa = PBXFileReference; lastKnownFileType = folder.assetcatalog; path = DesignerNewsUIKit.xcassets; sourceTree = "<group>"; };
		6B3A5F721D5532050000E45F /* Info.plist */ = {isa = PBXFileReference; lastKnownFileType = text.plist.xml; path = Info.plist; sourceTree = "<group>"; };
		681D7D8C1363B4C89DE00291 /* ANTheme.h */ = {isa = PBXFileReference; fileEncoding = 4; lastKnownFileType = sourcecode.c.h; path = "ANTheme.h"; sourceTree = "<group>"; };
		6A6E225F2A23BC49C8C69E06 /* UIWebView+Anima.h */ = {isa = PBXFileReference; fileEncoding = 4; lastKnownFileType = sourcecode.c.h; path = "UIWebView+Anima.h"; sourceTree = "<group>"; };
		E40F296292B62A7D9CAEEBAB /* MKMapView+Anima.h */ = {isa = PBXFileReference; fileEncoding = 4; lastKnownFileType = sourcecode.c.h; path = "MKMapView+Anima.h"; sourceTree = "<group>"; };
		4AD2414787E92D489F7BFB82 /* Anima-Bridging-Header.h */ = {isa = PBXFileReference; fileEncoding = 4; lastKnownFileType = sourcecode.c.h; path = "Anima-Bridging-Header.h"; sourceTree = "<group>"; };
		5297B722C2DEF03624F690E2 /* AnimaSDK.h */ = {isa = PBXFileReference; fileEncoding = 4; lastKnownFileType = sourcecode.c.h; path = "AnimaSDK.h"; sourceTree = "<group>"; };
		3C6F7605733AF8FFB5302C8B /* ANRSSParser.h */ = {isa = PBXFileReference; fileEncoding = 4; lastKnownFileType = sourcecode.c.h; path = "ANRSSParser.h"; sourceTree = "<group>"; };
		D0A11CF0875478AD7928D313 /* ANMacros.h */ = {isa = PBXFileReference; fileEncoding = 4; lastKnownFileType = sourcecode.c.h; path = "ANMacros.h"; sourceTree = "<group>"; };
		7CB7F24452FBE3E6477FBA9D /* ANViewController.h */ = {isa = PBXFileReference; fileEncoding = 4; lastKnownFileType = sourcecode.c.h; path = "ANViewController.h"; sourceTree = "<group>"; };
		A337644A52E4CBF22B16800A /* ANCSVParser.h */ = {isa = PBXFileReference; fileEncoding = 4; lastKnownFileType = sourcecode.c.h; path = "ANCSVParser.h"; sourceTree = "<group>"; };
		18CEC83B8874195C38C1A138 /* UIView+AnimaConstraints.h */ = {isa = PBXFileReference; fileEncoding = 4; lastKnownFileType = sourcecode.c.h; path = "UIView+AnimaConstraints.h"; sourceTree = "<group>"; };
		B3F8416A5CF40179FE9F0E74 /* ANLabel.h */ = {isa = PBXFileReference; fileEncoding = 4; lastKnownFileType = sourcecode.c.h; path = "ANLabel.h"; sourceTree = "<group>"; };
		B8B07035D56CBE79A019FC5F /* ANGradientView.h */ = {isa = PBXFileReference; fileEncoding = 4; lastKnownFileType = sourcecode.c.h; path = "ANGradientView.h"; sourceTree = "<group>"; };
		3007F0B9FFA2F7C018609A63 /* NSString+Anima.h */ = {isa = PBXFileReference; fileEncoding = 4; lastKnownFileType = sourcecode.c.h; path = "NSString+Anima.h"; sourceTree = "<group>"; };
		05818AF06F7ED991BD006CE6 /* NSDictionary+Anima.h */ = {isa = PBXFileReference; fileEncoding = 4; lastKnownFileType = sourcecode.c.h; path = "NSDictionary+Anima.h"; sourceTree = "<group>"; };
		DF99AADE8DDA72B7B0E59705 /* ANTextField.h */ = {isa = PBXFileReference; fileEncoding = 4; lastKnownFileType = sourcecode.c.h; path = "ANTextField.h"; sourceTree = "<group>"; };
		DDD79743BDD5A8770EBB1C28 /* ANProtocols.h */ = {isa = PBXFileReference; fileEncoding = 4; lastKnownFileType = sourcecode.c.h; path = "ANProtocols.h"; sourceTree = "<group>"; };
		9BC10A451BD9C901707DD3CE /* UIImageView+Anima.h */ = {isa = PBXFileReference; fileEncoding = 4; lastKnownFileType = sourcecode.c.h; path = "UIImageView+Anima.h"; sourceTree = "<group>"; };
		47070ADED349DECBCC8B3F2F /* UIView+Anima.h */ = {isa = PBXFileReference; fileEncoding = 4; lastKnownFileType = sourcecode.c.h; path = "UIView+Anima.h"; sourceTree = "<group>"; };
		3BFDA8495739484B22543F11 /* ANTabBarController.h */ = {isa = PBXFileReference; fileEncoding = 4; lastKnownFileType = sourcecode.c.h; path = "ANTabBarController.h"; sourceTree = "<group>"; };
		5806FBC48EA336FA3927114D /* ANClassMapping.h */ = {isa = PBXFileReference; fileEncoding = 4; lastKnownFileType = sourcecode.c.h; path = "ANClassMapping.h"; sourceTree = "<group>"; };
		0A940590FD1E31ECD870F1BE /* ANNavigationController.h */ = {isa = PBXFileReference; fileEncoding = 4; lastKnownFileType = sourcecode.c.h; path = "ANNavigationController.h"; sourceTree = "<group>"; };
		2C29B73B203F022938DE696A /* ANDataList.h */ = {isa = PBXFileReference; fileEncoding = 4; lastKnownFileType = sourcecode.c.h; path = "ANDataList.h"; sourceTree = "<group>"; };
		C08242958326F84D67378FBD /* ANVideoPlayer.h */ = {isa = PBXFileReference; fileEncoding = 4; lastKnownFileType = sourcecode.c.h; path = "ANVideoPlayer.h"; sourceTree = "<group>"; };
		5DA110DB14095AAFA9E341A4 /* ANClassMapping.m */ = {isa = PBXFileReference; fileEncoding = 4; lastKnownFileType = sourcecode.c.objc; path = "ANClassMapping.m"; sourceTree = "<group>"; };
		676A03256B5FA62FC3B4DA6B /* ANRSSParser.m */ = {isa = PBXFileReference; fileEncoding = 4; lastKnownFileType = sourcecode.c.objc; path = "ANRSSParser.m"; sourceTree = "<group>"; };
		28F2A8967F27D832C2311E08 /* ANNavigationController.m */ = {isa = PBXFileReference; fileEncoding = 4; lastKnownFileType = sourcecode.c.objc; path = "ANNavigationController.m"; sourceTree = "<group>"; };
		594C1BFDB45D8DA06FC745CE /* MKMapView+Anima.m */ = {isa = PBXFileReference; fileEncoding = 4; lastKnownFileType = sourcecode.c.objc; path = "MKMapView+Anima.m"; sourceTree = "<group>"; };
		8C7B02C9EA3A8045035546B8 /* ANTabBarController.m */ = {isa = PBXFileReference; fileEncoding = 4; lastKnownFileType = sourcecode.c.objc; path = "ANTabBarController.m"; sourceTree = "<group>"; };
		8CEA0B9797808A3E3BEA5497 /* UIImageView+Anima.m */ = {isa = PBXFileReference; fileEncoding = 4; lastKnownFileType = sourcecode.c.objc; path = "UIImageView+Anima.m"; sourceTree = "<group>"; };
		3F15095E88283A1B1FE65C91 /* ANTheme.m */ = {isa = PBXFileReference; fileEncoding = 4; lastKnownFileType = sourcecode.c.objc; path = "ANTheme.m"; sourceTree = "<group>"; };
		526256A0396495A54A242DF5 /* ANCSVParser.m */ = {isa = PBXFileReference; fileEncoding = 4; lastKnownFileType = sourcecode.c.objc; path = "ANCSVParser.m"; sourceTree = "<group>"; };
		56DC60D409E653B936A6766B /* ANVideoPlayer.m */ = {isa = PBXFileReference; fileEncoding = 4; lastKnownFileType = sourcecode.c.objc; path = "ANVideoPlayer.m"; sourceTree = "<group>"; };
		A9DD4C8B6CB9748E668324DB /* ANViewController.m */ = {isa = PBXFileReference; fileEncoding = 4; lastKnownFileType = sourcecode.c.objc; path = "ANViewController.m"; sourceTree = "<group>"; };
		92E467DD615A4D2D5B208D66 /* ANGradientView.m */ = {isa = PBXFileReference; fileEncoding = 4; lastKnownFileType = sourcecode.c.objc; path = "ANGradientView.m"; sourceTree = "<group>"; };
		F22DB599964140A1847144B0 /* UIView+AnimaConstraints.m */ = {isa = PBXFileReference; fileEncoding = 4; lastKnownFileType = sourcecode.c.objc; path = "UIView+AnimaConstraints.m"; sourceTree = "<group>"; };
		DCDB43CD13A6986E3D4C1FFB /* NSDictionary+Anima.m */ = {isa = PBXFileReference; fileEncoding = 4; lastKnownFileType = sourcecode.c.objc; path = "NSDictionary+Anima.m"; sourceTree = "<group>"; };
		4421AF670D9B9119D4E075C8 /* ANTextField.m */ = {isa = PBXFileReference; fileEncoding = 4; lastKnownFileType = sourcecode.c.objc; path = "ANTextField.m"; sourceTree = "<group>"; };
		7EEA45F1A9431729A71FB944 /* UIView+Anima.m */ = {isa = PBXFileReference; fileEncoding = 4; lastKnownFileType = sourcecode.c.objc; path = "UIView+Anima.m"; sourceTree = "<group>"; };
		5360931B271E94D412CB2E4D /* ANDataList.m */ = {isa = PBXFileReference; fileEncoding = 4; lastKnownFileType = sourcecode.c.objc; path = "ANDataList.m"; sourceTree = "<group>"; };
		16297113D3ABCDA52DA41CA1 /* UIWebView+Anima.m */ = {isa = PBXFileReference; fileEncoding = 4; lastKnownFileType = sourcecode.c.objc; path = "UIWebView+Anima.m"; sourceTree = "<group>"; };
		2E9143B076233D2334146A7F /* NSString+Anima.m */ = {isa = PBXFileReference; fileEncoding = 4; lastKnownFileType = sourcecode.c.objc; path = "NSString+Anima.m"; sourceTree = "<group>"; };
		FCFAA97FC91E32B5B3CDA6B3 /* ANLabel.m */ = {isa = PBXFileReference; fileEncoding = 4; lastKnownFileType = sourcecode.c.objc; path = "ANLabel.m"; sourceTree = "<group>"; };
		8FC9A7A9F58744EBDF734CDC /* APDesignerNewsManager.h */ = {isa = PBXFileReference; fileEncoding = 4; lastKnownFileType = sourcecode.c.h; path = "APDesignerNewsManager.h"; sourceTree = "<group>"; };
		49D8DD4EF855A692A959370B /* APTableScreen.h */ = {isa = PBXFileReference; fileEncoding = 4; lastKnownFileType = sourcecode.c.h; path = "APTableScreen.h"; sourceTree = "<group>"; };
		4E9FAFCFD94E8D56BDE813C2 /* APCell7.h */ = {isa = PBXFileReference; fileEncoding = 4; lastKnownFileType = sourcecode.c.h; path = "APCell7.h"; sourceTree = "<group>"; };
		A6F549D56AE160B1E740D7E6 /* APCell6.h */ = {isa = PBXFileReference; fileEncoding = 4; lastKnownFileType = sourcecode.c.h; path = "APCell6.h"; sourceTree = "<group>"; };
		3E12C65E00B7E7286E3AF1D7 /* APCell5.h */ = {isa = PBXFileReference; fileEncoding = 4; lastKnownFileType = sourcecode.c.h; path = "APCell5.h"; sourceTree = "<group>"; };
		8C0472616E33C13D95B9463B /* APCell4.h */ = {isa = PBXFileReference; fileEncoding = 4; lastKnownFileType = sourcecode.c.h; path = "APCell4.h"; sourceTree = "<group>"; };
		ACAFF3FC42C502B35673665B /* APCell3.h */ = {isa = PBXFileReference; fileEncoding = 4; lastKnownFileType = sourcecode.c.h; path = "APCell3.h"; sourceTree = "<group>"; };
		8831C40AE43EEA2BA36C05EA /* APCell2.h */ = {isa = PBXFileReference; fileEncoding = 4; lastKnownFileType = sourcecode.c.h; path = "APCell2.h"; sourceTree = "<group>"; };
		6A81001B598AF1ECB1B66DC9 /* APCell1.h */ = {isa = PBXFileReference; fileEncoding = 4; lastKnownFileType = sourcecode.c.h; path = "APCell1.h"; sourceTree = "<group>"; };
		1B52B1A3C82DBC119BCA9651 /* APCell.h */ = {isa = PBXFileReference; fileEncoding = 4; lastKnownFileType = sourcecode.c.h; path = "APCell.h"; sourceTree = "<group>"; };
		F61275EC0DE89B47E52502C3 /* APScreen1.h */ = {isa = PBXFileReference; fileEncoding = 4; lastKnownFileType = sourcecode.c.h; path = "APScreen1.h"; sourceTree = "<group>"; };
		5E15FC29B12E3CF067037CB3 /* APDesignerNewsManager.m */ = {isa = PBXFileReference; fileEncoding = 4; lastKnownFileType = sourcecode.c.objc; path = "APDesignerNewsManager.m"; sourceTree = "<group>"; };
		F0905C9E2B42A7C2E4E59E8F /* APTableScreen.m */ = {isa = PBXFileReference; fileEncoding = 4; lastKnownFileType = sourcecode.c.objc; path = "APTableScreen.m"; sourceTree = "<group>"; };
		2EC1D6395380C369E0FE687C /* APCell7.m */ = {isa = PBXFileReference; fileEncoding = 4; lastKnownFileType = sourcecode.c.objc; path = "APCell7.m"; sourceTree = "<group>"; };
		F5B088DAAE3799A97E6EC4F5 /* APCell6.m */ = {isa = PBXFileReference; fileEncoding = 4; lastKnownFileType = sourcecode.c.objc; path = "APCell6.m"; sourceTree = "<group>"; };
		D2E6E1EDC520A6EE0422310A /* APCell5.m */ = {isa = PBXFileReference; fileEncoding = 4; lastKnownFileType = sourcecode.c.objc; path = "APCell5.m"; sourceTree = "<group>"; };
		B1BBC98B2B56E16824739E3C /* APCell4.m */ = {isa = PBXFileReference; fileEncoding = 4; lastKnownFileType = sourcecode.c.objc; path = "APCell4.m"; sourceTree = "<group>"; };
		2A5AF4631456E8DEA04FD82A /* APCell3.m */ = {isa = PBXFileReference; fileEncoding = 4; lastKnownFileType = sourcecode.c.objc; path = "APCell3.m"; sourceTree = "<group>"; };
		CE70C853B199C686DC5DC995 /* APCell2.m */ = {isa = PBXFileReference; fileEncoding = 4; lastKnownFileType = sourcecode.c.objc; path = "APCell2.m"; sourceTree = "<group>"; };
		15ED3554CBF9AC02B7644C5F /* APCell1.m */ = {isa = PBXFileReference; fileEncoding = 4; lastKnownFileType = sourcecode.c.objc; path = "APCell1.m"; sourceTree = "<group>"; };
		F57DB76896EEBD7AA075D52E /* APCell.m */ = {isa = PBXFileReference; fileEncoding = 4; lastKnownFileType = sourcecode.c.objc; path = "APCell.m"; sourceTree = "<group>"; };
		5494FED8EF3A9E784BF13897 /* APScreen1.m */ = {isa = PBXFileReference; fileEncoding = 4; lastKnownFileType = sourcecode.c.objc; path = "APScreen1.m"; sourceTree = "<group>"; };
		7FDB1EF92DD0957001DE6C4F /* Montserrat-Light.ttf */ = {isa = PBXFileReference; lastKnownFileType = file; path = "Montserrat-Light.ttf"; sourceTree = "<group>"; };
		D93DBA9CC40D848A2103E7DD /* Montserrat-Regular.ttf */ = {isa = PBXFileReference; lastKnownFileType = file; path = "Montserrat-Regular.ttf"; sourceTree = "<group>"; };
		6B3A5F821D55CDC80000E45F /* LaunchScreen.storyboard */ = {isa = PBXFileReference; fileEncoding = 4; lastKnownFileType = file.storyboard; path = LaunchScreen.storyboard; sourceTree = "<group>"; };
		044ADF491DB572BA00DD6194 /* DesignerNewsUIKit.storyboard */ = {isa = PBXFileReference; fileEncoding = 4; lastKnownFileType = file.storyboard; path = DesignerNewsUIKit.storyboard; sourceTree = "<group>"; };
/* End PBXFileReference section */

/* Begin PBXFrameworksBuildPhase section */
        040B02DD1DB4277F000AC34A /* Frameworks */ = {
			isa = PBXFrameworksBuildPhase;
			buildActionMask = 2147483647;
			files = (
			);
			runOnlyForDeploymentPostprocessing = 0;
		};
		6B3A5F5B1D5532050000E45F /* Frameworks */ = {
			isa = PBXFrameworksBuildPhase;
			buildActionMask = 2147483647;
			files = (
				6B8206171D5777D500AE6F94 /* MapKit.framework in Frameworks */,
				6B8206151D5777D000AE6F94 /* AVFoundation.framework in Frameworks */,
				040B02E81DB4277F000AC34A /* DesignerNewsUIKit.framework in Frameworks */,
				6B8206131D5777CB00AE6F94 /* AVKit.framework in Frameworks */,
			);
			runOnlyForDeploymentPostprocessing = 0;
		};
/* End PBXFrameworksBuildPhase section */

/* Begin PBXGroup section */
		6B3A5F551D5532050000E45F = {
			isa = PBXGroup;
			children = (
			    6B3A5F601D5532050000E45F /* Example */,
				040B02E21DB4277F000AC34A /* DesignerNewsUIKit */,
				6B3A5F781D5533A90000E45F /* Anima-iOS-SDK */,
				6B8206181D5777DD00AE6F94 /* Frameworks */,
				6B3A5F5F1D5532050000E45F /* Products */,
			);
			sourceTree = "<group>";
		};
		6B3A5F5F1D5532050000E45F /* Products */ = {
			isa = PBXGroup;
			children = (
				6B3A5F5E1D5532050000E45F /* Example.app */,
				040B02E11DB4277F000AC34A /* DesignerNewsUIKit.framework */,
			);
			name = Products;
			sourceTree = "<group>";
		};
		6B3A5F601D5532050000E45F /* Example */ = {
			isa = PBXGroup;
			children = (
                6B3A5F611D5532050000E45F /* Supporting Files */,
                6B3A5F641D5532050000E45F /* AppDelegate.h */,
				6B3A5F651D5532050000E45F /* AppDelegate.m */,
				6B3A5F821D55CDC80000E45F /* LaunchScreen.storyboard */,
			);
			path = Example;
			sourceTree = "<group>";
		};
		6B3A5F611D5532050000E45F /* Supporting Files */ = {
			isa = PBXGroup;
			children = (
				6B3A5F621D5532050000E45F /* main.m */,
				6B3A5F721D5532050000E45F /* Info.plist */,
			);
			name = "Supporting Files";
			sourceTree = "<group>";
		};
		040B02E21DB4277F000AC34A /* DesignerNewsUIKit */ = {
			isa = PBXGroup;
			children = (
			    6B53AE841D6C875A008DF93D /* Resources */,
				6B3A5F6D1D5532050000E45F /* DesignerNewsUIKit.xcassets */,
				8FC9A7A9F58744EBDF734CDC /* APDesignerNewsManager.h */,
				5E15FC29B12E3CF067037CB3 /* APDesignerNewsManager.m */,
				49D8DD4EF855A692A959370B /* APTableScreen.h */,
				F0905C9E2B42A7C2E4E59E8F /* APTableScreen.m */,
				4E9FAFCFD94E8D56BDE813C2 /* APCell7.h */,
				2EC1D6395380C369E0FE687C /* APCell7.m */,
				A6F549D56AE160B1E740D7E6 /* APCell6.h */,
				F5B088DAAE3799A97E6EC4F5 /* APCell6.m */,
				3E12C65E00B7E7286E3AF1D7 /* APCell5.h */,
				D2E6E1EDC520A6EE0422310A /* APCell5.m */,
				8C0472616E33C13D95B9463B /* APCell4.h */,
				B1BBC98B2B56E16824739E3C /* APCell4.m */,
				ACAFF3FC42C502B35673665B /* APCell3.h */,
				2A5AF4631456E8DEA04FD82A /* APCell3.m */,
				8831C40AE43EEA2BA36C05EA /* APCell2.h */,
				CE70C853B199C686DC5DC995 /* APCell2.m */,
				6A81001B598AF1ECB1B66DC9 /* APCell1.h */,
				15ED3554CBF9AC02B7644C5F /* APCell1.m */,
				1B52B1A3C82DBC119BCA9651 /* APCell.h */,
				F57DB76896EEBD7AA075D52E /* APCell.m */,
				F61275EC0DE89B47E52502C3 /* APScreen1.h */,
				5494FED8EF3A9E784BF13897 /* APScreen1.m */,
				040B02E31DB4277F000AC34A /* DesignerNewsUIKit.h */,
				044ADF491DB572BA00DD6194 /* DesignerNewsUIKit.storyboard */,
				040B02E41DB4277F000AC34A /* Info.plist */,
			);
			path = DesignerNewsUIKit;
			sourceTree = "<group>";
		};
		6B3A5F781D5533A90000E45F /* Anima-iOS-SDK */ = {
			isa = PBXGroup;
			children = (
				5DA110DB14095AAFA9E341A4 /* ANClassMapping.m */,
				681D7D8C1363B4C89DE00291 /* ANTheme.h */,
				6A6E225F2A23BC49C8C69E06 /* UIWebView+Anima.h */,
				E40F296292B62A7D9CAEEBAB /* MKMapView+Anima.h */,
				4AD2414787E92D489F7BFB82 /* Anima-Bridging-Header.h */,
				676A03256B5FA62FC3B4DA6B /* ANRSSParser.m */,
				5297B722C2DEF03624F690E2 /* AnimaSDK.h */,
				3C6F7605733AF8FFB5302C8B /* ANRSSParser.h */,
				28F2A8967F27D832C2311E08 /* ANNavigationController.m */,
				D0A11CF0875478AD7928D313 /* ANMacros.h */,
				594C1BFDB45D8DA06FC745CE /* MKMapView+Anima.m */,
				7CB7F24452FBE3E6477FBA9D /* ANViewController.h */,
				A337644A52E4CBF22B16800A /* ANCSVParser.h */,
				18CEC83B8874195C38C1A138 /* UIView+AnimaConstraints.h */,
				B3F8416A5CF40179FE9F0E74 /* ANLabel.h */,
				8C7B02C9EA3A8045035546B8 /* ANTabBarController.m */,
				8CEA0B9797808A3E3BEA5497 /* UIImageView+Anima.m */,
				B8B07035D56CBE79A019FC5F /* ANGradientView.h */,
				3007F0B9FFA2F7C018609A63 /* NSString+Anima.h */,
				3F15095E88283A1B1FE65C91 /* ANTheme.m */,
				526256A0396495A54A242DF5 /* ANCSVParser.m */,
				56DC60D409E653B936A6766B /* ANVideoPlayer.m */,
				A9DD4C8B6CB9748E668324DB /* ANViewController.m */,
				92E467DD615A4D2D5B208D66 /* ANGradientView.m */,
				F22DB599964140A1847144B0 /* UIView+AnimaConstraints.m */,
				DCDB43CD13A6986E3D4C1FFB /* NSDictionary+Anima.m */,
				05818AF06F7ED991BD006CE6 /* NSDictionary+Anima.h */,
				DF99AADE8DDA72B7B0E59705 /* ANTextField.h */,
				DDD79743BDD5A8770EBB1C28 /* ANProtocols.h */,
				9BC10A451BD9C901707DD3CE /* UIImageView+Anima.h */,
				47070ADED349DECBCC8B3F2F /* UIView+Anima.h */,
				4421AF670D9B9119D4E075C8 /* ANTextField.m */,
				3BFDA8495739484B22543F11 /* ANTabBarController.h */,
				5806FBC48EA336FA3927114D /* ANClassMapping.h */,
				7EEA45F1A9431729A71FB944 /* UIView+Anima.m */,
				0A940590FD1E31ECD870F1BE /* ANNavigationController.h */,
				5360931B271E94D412CB2E4D /* ANDataList.m */,
				2C29B73B203F022938DE696A /* ANDataList.h */,
				C08242958326F84D67378FBD /* ANVideoPlayer.h */,
				16297113D3ABCDA52DA41CA1 /* UIWebView+Anima.m */,
				2E9143B076233D2334146A7F /* NSString+Anima.m */,
				FCFAA97FC91E32B5B3CDA6B3 /* ANLabel.m */,
				);
			path = "Anima-iOS-SDK";
			sourceTree = "<group>";
		};
        6B8206181D5777DD00AE6F94 /* Frameworks */ = {
			isa = PBXGroup;
			children = (
				6B8206161D5777D500AE6F94 /* MapKit.framework */,
				6B8206141D5777D000AE6F94 /* AVFoundation.framework */,
				6B8206121D5777CB00AE6F94 /* AVKit.framework */,
			);
			name = Frameworks;
			sourceTree = "<group>";
		};
        6B53AE841D6C875A008DF93D /* Resources */ = {
			isa = PBXGroup;
			children = (
				7FDB1EF92DD0957001DE6C4F /* Montserrat-Light.ttf in Resources */,
				D93DBA9CC40D848A2103E7DD /* Montserrat-Regular.ttf in Resources */,
				);
			name = Resources;
			path = Resources;
			sourceTree = "<group>";
		};
/* End PBXGroup section */

/* Begin PBXNativeTarget section */
		040B02E01DB4277F000AC34A /* DesignerNewsUIKit */ = {
			isa = PBXNativeTarget;
			buildConfigurationList = 040B02EC1DB4277F000AC34A /* Build configuration list for PBXNativeTarget "DesignerNewsUIKit" */;
			buildPhases = (
				040B02DC1DB4277F000AC34A /* Sources */,
				040B02DD1DB4277F000AC34A /* Frameworks */,
				040B02DE1DB4277F000AC34A /* Headers */,
				040B02DF1DB4277F000AC34A /* Resources */,
			);
			buildRules = (
			);
			dependencies = (
			);
			name = DesignerNewsUIKit;
			productName = DesignerNewsUIKit;
			productReference = 040B02E11DB4277F000AC34A /* DesignerNewsUIKit */;
			productType = "com.apple.product-type.framework";
		};
		6B3A5F5D1D5532050000E45F /* Example */ = {
			isa = PBXNativeTarget;
			buildConfigurationList = 6B3A5F751D5532050000E45F /* Build configuration list for PBXNativeTarget "Example" */;
			buildPhases = (
				6B3A5F5A1D5532050000E45F /* Sources */,
				6B3A5F5B1D5532050000E45F /* Frameworks */,
				040B02ED1DB4277F000AC34A /* Embed Frameworks */,
			);
			buildRules = (
			);
			dependencies = (
				040B02E71DB4277F000AC34A /* PBXTargetDependency */,
			);
			name = Example;
			productName = DesignerNews;
			productReference = 6B3A5F5E1D5532050000E45F /* Example.app */;
			productType = "com.apple.product-type.application";
		};
/* End PBXNativeTarget section */

/* Begin PBXProject section */
		6B3A5F561D5532050000E45F /* Project object */ = {
			isa = PBXProject;
			attributes = {
			    LastUpgradeCheck = 0730;
				ORGANIZATIONNAME = CompanyName;
				TargetAttributes = {
					6B3A5F5D1D5532050000E45F = {
						CreatedOnToolsVersion = 8.0;
					};
					040B02E01DB4277F000AC34A = {
						CreatedOnToolsVersion = 8.0;
					};
				};
			};
			buildConfigurationList = 6B3A5F591D5532050000E45F /* Build configuration list for PBXProject "DesignerNewsUIKit" */;
			compatibilityVersion = "Xcode 3.2";
			developmentRegion = English;
			hasScannedForEncodings = 0;
			knownRegions = (
				en,
				Base,
			);
			mainGroup = 6B3A5F551D5532050000E45F;
			productRefGroup = 6B3A5F5F1D5532050000E45F /* Products */;
			projectDirPath = "";
			projectRoot = "";
			targets = (
				6B3A5F5D1D5532050000E45F /* Example */,
				040B02E01DB4277F000AC34A /* DesignerNewsUIKit */,
			);
		};
/* End PBXProject section */

/* Begin PBXResourcesBuildPhase section */
        040B02DF1DB4277F000AC34A /* Resources */ = {
			isa = PBXResourcesBuildPhase;
			buildActionMask = 2147483647;
			files = (
				044ADF5C1DB572BA00DD6194 /* DesignerNewsUIKit.xcassets in Resources */,
				044ADFF41DB5784800DD6194 /* License.txt in Resources */,
				044ADF211DB5654D00DD6194 /* Info.plist in Resources */,
				044ADFE41DB5784800DD6194 /* Anima-iOS-SDK.podspec in Resources */,
				044ADF5B1DB572BA00DD6194 /* DesignerNewsUIKit.storyboard in Resources */,
				F09FF2E9C571725B336A8D77 /* Montserrat-Light.ttf in Resources */,
				57E8B2158C44F04CA7D8E6E3 /* Montserrat-Regular.ttf in Resources */,
				);
			runOnlyForDeploymentPostprocessing = 0;
		};
		6B3A5F5C1D5532050000E45F /* Resources */ = {
			isa = PBXResourcesBuildPhase;
			buildActionMask = 2147483647;
			files = (
				6B3A5F6E1D5532050000E45F /* DesignerNewsUIKit.xcassets.xcassets in Resources */,
				6B3A5F841D55CDC80000E45F /* LaunchScreen.storyboard in Resources */,
			);
			runOnlyForDeploymentPostprocessing = 0;
		};
/* End PBXResourcesBuildPhase section */

/* Begin PBXSourcesBuildPhase section */
        040B02DC1DB4277F000AC34A /* Sources */ = {
			isa = PBXSourcesBuildPhase;
			buildActionMask = 2147483647;
			files = (
				F0649EB59FBEFC35CF595976 /* ANClassMapping.m in Sources */,
				CD8BF057C0A88FB10E4D6791 /* ANRSSParser.m in Sources */,
				3553346DA8DF1BFEE1DA2F3B /* ANNavigationController.m in Sources */,
				65F0BB89600F78B16626DF7F /* MKMapView+Anima.m in Sources */,
				B6AB07447DDF20420074C20A /* ANTabBarController.m in Sources */,
				F99518835FB47F18C1E8EE64 /* UIImageView+Anima.m in Sources */,
				16D4389619D3757A926736CE /* ANTheme.m in Sources */,
				651293F474AE34DE404B61D6 /* ANCSVParser.m in Sources */,
				9B631B27C600A6F5BCC32F5F /* ANVideoPlayer.m in Sources */,
				E6BA2D8EC226B380BFD5E269 /* ANViewController.m in Sources */,
				3BF245207392D3B3B3CE72C1 /* ANGradientView.m in Sources */,
				9ECAD0B03F9106F72D1552A4 /* UIView+AnimaConstraints.m in Sources */,
				9652D4D35F6FC83DC0EC2611 /* NSDictionary+Anima.m in Sources */,
				387E9C73554B22BF8CC85348 /* ANTextField.m in Sources */,
				54AF1B1CB69861B82222BB79 /* UIView+Anima.m in Sources */,
				0E545414E5EBCFDE4C86E344 /* ANDataList.m in Sources */,
				FE68627FA135DAAF21B06651 /* UIWebView+Anima.m in Sources */,
				64E25567FDDF974F2FC6305A /* NSString+Anima.m in Sources */,
				904B7B39C50C94AE846533C9 /* ANLabel.m in Sources */,
				214BDF8DEB85A1629E6CE743 /* APDesignerNewsManager.m in Sources */,
				457C859A5965F9722304FF8D /* APTableScreen.m in Sources */,
				BE630070A0BFF03023009595 /* APCell7.m in Sources */,
				D2F92128C45306F12794D5F9 /* APCell6.m in Sources */,
				BD7508C7A5417AED079FEA05 /* APCell5.m in Sources */,
				AA499BC2720CE2C727DD1086 /* APCell4.m in Sources */,
				464DABB099DC2C5F8E88EE26 /* APCell3.m in Sources */,
				D92D457CCD0B0C0376F57FFF /* APCell2.m in Sources */,
				49444BCBB932F4DB4B7ECBBC /* APCell1.m in Sources */,
				635198CE783AA3094E0F2266 /* APCell.m in Sources */,
				C0F5C7A5BE1B915CA8AD3118 /* APScreen1.m in Sources */,
				);
			runOnlyForDeploymentPostprocessing = 0;
		};
		6B3A5F5A1D5532050000E45F /* Sources */ = {
			isa = PBXSourcesBuildPhase;
			buildActionMask = 2147483647;
			files = (
			    6B3A5F661D5532050000E45F /* AppDelegate.m in Sources */,
				6B3A5F631D5532050000E45F /* main.m in Sources */,
				);
			runOnlyForDeploymentPostprocessing = 0;
		};
/* End PBXSourcesBuildPhase section */

/* Begin PBXTargetDependency section */
		040B02E71DB4277F000AC34A /* PBXTargetDependency */ = {
			isa = PBXTargetDependency;
			target = 040B02E01DB4277F000AC34A /* DesignerNewsUIKit */;
			targetProxy = 040B02E61DB4277F000AC34A /* PBXContainerItemProxy */;
		};
/* End PBXTargetDependency section */

/* Begin XCBuildConfiguration section */
        040B02EA1DB4277F000AC34A /* Debug */ = {
			isa = XCBuildConfiguration;
			buildSettings = {
				CLANG_WARN_DOCUMENTATION_COMMENTS = YES;
				CLANG_WARN_INFINITE_RECURSION = YES;
				CLANG_WARN_SUSPICIOUS_MOVES = YES;
				CODE_SIGN_IDENTITY = "iPhone Developer";
				"CODE_SIGN_IDENTITY[sdk=iphoneos*]" = "iPhone Developer";
				CURRENT_PROJECT_VERSION = 1;
				DEFINES_MODULE = YES;
				DEVELOPMENT_TEAM = 9NBMUGY7C7;
				DYLIB_COMPATIBILITY_VERSION = 1;
				DYLIB_CURRENT_VERSION = 1;
				DYLIB_INSTALL_NAME_BASE = "@rpath";
				INFOPLIST_FILE = DesignerNewsUIKit/Info.plist;
				INSTALL_PATH = "$(LOCAL_LIBRARY_DIR)/Frameworks";
				IPHONEOS_DEPLOYMENT_TARGET = 9.0;
				LD_RUNPATH_SEARCH_PATHS = "$(inherited) @executable_path/Frameworks @loader_path/Frameworks";
				PRODUCT_BUNDLE_IDENTIFIER = com.CompanyName.DesignerNews;
				PRODUCT_NAME = "$(TARGET_NAME)";
				SKIP_INSTALL = YES;
				TARGETED_DEVICE_FAMILY = "1,2";
				VERSIONING_SYSTEM = "apple-generic";
				VERSION_INFO_PREFIX = "";
			};
			name = Debug;
		};
		040B02EB1DB4277F000AC34A /* Release */ = {
			isa = XCBuildConfiguration;
			buildSettings = {
				CLANG_WARN_DOCUMENTATION_COMMENTS = YES;
				CLANG_WARN_INFINITE_RECURSION = YES;
				CLANG_WARN_SUSPICIOUS_MOVES = YES;
				CODE_SIGN_IDENTITY = "";
				CURRENT_PROJECT_VERSION = 1;
				DEFINES_MODULE = YES;
				DEVELOPMENT_TEAM = 9NBMUGY7C7;
				DYLIB_COMPATIBILITY_VERSION = 1;
				DYLIB_CURRENT_VERSION = 1;
				DYLIB_INSTALL_NAME_BASE = "@rpath";
				INFOPLIST_FILE = DesignerNewsUIKit/Info.plist;
				INSTALL_PATH = "$(LOCAL_LIBRARY_DIR)/Frameworks";
				IPHONEOS_DEPLOYMENT_TARGET = 9.0;
				LD_RUNPATH_SEARCH_PATHS = "$(inherited) @executable_path/Frameworks @loader_path/Frameworks";
				PRODUCT_BUNDLE_IDENTIFIER = com.CompanyName.DesignerNews;
				PRODUCT_NAME = "$(TARGET_NAME)";
				SKIP_INSTALL = YES;
				TARGETED_DEVICE_FAMILY = "1,2";
				VERSIONING_SYSTEM = "apple-generic";
				VERSION_INFO_PREFIX = "";
			};
			name = Release;
		};
		6B3A5F731D5532050000E45F /* Debug */ = {
			isa = XCBuildConfiguration;
			buildSettings = {
				ALWAYS_SEARCH_USER_PATHS = NO;
				CLANG_ANALYZER_NONNULL = YES;
				CLANG_CXX_LANGUAGE_STANDARD = "gnu++0x";
				CLANG_CXX_LIBRARY = "libc++";
				CLANG_ENABLE_MODULES = YES;
				CLANG_ENABLE_OBJC_ARC = YES;
				CLANG_WARN_BOOL_CONVERSION = YES;
				CLANG_WARN_CONSTANT_CONVERSION = YES;
				CLANG_WARN_DIRECT_OBJC_ISA_USAGE = YES_ERROR;
				CLANG_WARN_EMPTY_BODY = YES;
				CLANG_WARN_ENUM_CONVERSION = YES;
				CLANG_WARN_INT_CONVERSION = YES;
				CLANG_WARN_OBJC_ROOT_CLASS = YES_ERROR;
				CLANG_WARN_UNREACHABLE_CODE = YES;
				CLANG_WARN__DUPLICATE_METHOD_MATCH = YES;
				"CODE_SIGN_IDENTITY[sdk=iphoneos*]" = "iPhone Developer";
				COPY_PHASE_STRIP = NO;
				DEBUG_INFORMATION_FORMAT = dwarf;
				ENABLE_STRICT_OBJC_MSGSEND = YES;
				ENABLE_TESTABILITY = YES;
				GCC_C_LANGUAGE_STANDARD = gnu99;
				GCC_DYNAMIC_NO_PIC = NO;
				GCC_NO_COMMON_BLOCKS = YES;
				GCC_OPTIMIZATION_LEVEL = 0;
				GCC_PREPROCESSOR_DEFINITIONS = (
					"DEBUG=1",
					"$(inherited)",
				);
				GCC_WARN_64_TO_32_BIT_CONVERSION = YES;
				GCC_WARN_ABOUT_RETURN_TYPE = YES_ERROR;
				GCC_WARN_UNDECLARED_SELECTOR = YES;
				GCC_WARN_UNINITIALIZED_AUTOS = YES_AGGRESSIVE;
				GCC_WARN_UNUSED_FUNCTION = YES;
				GCC_WARN_UNUSED_VARIABLE = YES;
				IPHONEOS_DEPLOYMENT_TARGET = 9.0;
				MTL_ENABLE_DEBUG_INFO = YES;
				ONLY_ACTIVE_ARCH = YES;
				SDKROOT = iphoneos;
				};
			name = Debug;
		};
		6B3A5F741D5532050000E45F /* Release */ = {
			isa = XCBuildConfiguration;
			buildSettings = {
				ALWAYS_SEARCH_USER_PATHS = NO;
				CLANG_ANALYZER_NONNULL = YES;
				CLANG_CXX_LANGUAGE_STANDARD = "gnu++0x";
				CLANG_CXX_LIBRARY = "libc++";
				CLANG_ENABLE_MODULES = YES;
				CLANG_ENABLE_OBJC_ARC = YES;
				CLANG_WARN_BOOL_CONVERSION = YES;
				CLANG_WARN_CONSTANT_CONVERSION = YES;
				CLANG_WARN_DIRECT_OBJC_ISA_USAGE = YES_ERROR;
				CLANG_WARN_EMPTY_BODY = YES;
				CLANG_WARN_ENUM_CONVERSION = YES;
				CLANG_WARN_INT_CONVERSION = YES;
				CLANG_WARN_OBJC_ROOT_CLASS = YES_ERROR;
				CLANG_WARN_UNREACHABLE_CODE = YES;
				CLANG_WARN__DUPLICATE_METHOD_MATCH = YES;
				"CODE_SIGN_IDENTITY[sdk=iphoneos*]" = "iPhone Developer";
				COPY_PHASE_STRIP = NO;
				DEBUG_INFORMATION_FORMAT = "dwarf-with-dsym";
				ENABLE_NS_ASSERTIONS = NO;
				ENABLE_STRICT_OBJC_MSGSEND = YES;
				GCC_C_LANGUAGE_STANDARD = gnu99;
				GCC_NO_COMMON_BLOCKS = YES;
				GCC_WARN_64_TO_32_BIT_CONVERSION = YES;
				GCC_WARN_ABOUT_RETURN_TYPE = YES_ERROR;
				GCC_WARN_UNDECLARED_SELECTOR = YES;
				GCC_WARN_UNINITIALIZED_AUTOS = YES_AGGRESSIVE;
				GCC_WARN_UNUSED_FUNCTION = YES;
				GCC_WARN_UNUSED_VARIABLE = YES;
				IPHONEOS_DEPLOYMENT_TARGET = 9.0;
				MTL_ENABLE_DEBUG_INFO = NO;
				SDKROOT = iphoneos;
				VALIDATE_PRODUCT = YES;
				};
			name = Release;
		};
		6B3A5F761D5532050000E45F /* Debug */ = {
			isa = XCBuildConfiguration;
			buildSettings = {
				ASSETCATALOG_COMPILER_APPICON_NAME = AppIcon;
				INFOPLIST_FILE = Example/Info.plist;
				IPHONEOS_DEPLOYMENT_TARGET = 9.0;
				LD_RUNPATH_SEARCH_PATHS = "$(inherited) @executable_path/Frameworks";
				PRODUCT_BUNDLE_IDENTIFIER = com.CompanyName.DesignerNews;
				PRODUCT_NAME = "$(TARGET_NAME)";
			};
			name = Debug;
		};
		6B3A5F771D5532050000E45F /* Release */ = {
			isa = XCBuildConfiguration;
			buildSettings = {
				ASSETCATALOG_COMPILER_APPICON_NAME = AppIcon;
				INFOPLIST_FILE = Example/Info.plist;
				IPHONEOS_DEPLOYMENT_TARGET = 9.0;
				LD_RUNPATH_SEARCH_PATHS = "$(inherited) @executable_path/Frameworks";
				PRODUCT_BUNDLE_IDENTIFIER = com.CompanyName.DesignerNews;
				PRODUCT_NAME = "$(TARGET_NAME)";
			};
			name = Release;
		};
/* End XCBuildConfiguration section */

/* Begin XCConfigurationList section */
        040B02EC1DB4277F000AC34A /* Build configuration list for PBXNativeTarget "DesignerNewsUIKit" */ = {
			isa = XCConfigurationList;
			buildConfigurations = (
				040B02EA1DB4277F000AC34A /* Debug */,
				040B02EB1DB4277F000AC34A /* Release */,
			);
			defaultConfigurationIsVisible = 0;
			defaultConfigurationName = Release;
		};
		6B3A5F591D5532050000E45F /* Build configuration list for PBXProject "Example" */ = {
			isa = XCConfigurationList;
			buildConfigurations = (
				6B3A5F731D5532050000E45F /* Debug */,
				6B3A5F741D5532050000E45F /* Release */,
			);
			defaultConfigurationIsVisible = 0;
			defaultConfigurationName = Release;
		};
		6B3A5F751D5532050000E45F /* Build configuration list for PBXNativeTarget "DesignerNewsUIKit" */ = {
			isa = XCConfigurationList;
			buildConfigurations = (
				6B3A5F761D5532050000E45F /* Debug */,
				6B3A5F771D5532050000E45F /* Release */,
			);
			defaultConfigurationIsVisible = 0;
		};
/* End XCConfigurationList section */
	};
	rootObject = 6B3A5F561D5532050000E45F /* Project object */;
}